// !$*UTF8*$!
{
	archiveVersion = 1;
	classes = {
	};
	objectVersion = 46;
	objects = {

/* Begin PBXBuildFile section */
		1512AA281C2BD413006AAB41 /* PYFrostedEffectView.m in Sources */ = {isa = PBXBuildFile; fileRef = 1512AA271C2BD413006AAB41 /* PYFrostedEffectView.m */; };
		1512AA2A1C2BE27C006AAB41 /* PYFrostedEffectView.h in Headers */ = {isa = PBXBuildFile; fileRef = 1512AA261C2BD413006AAB41 /* PYFrostedEffectView.h */; settings = {ATTRIBUTES = (Public, ); }; };
		1529D4181C48F69300905A92 /* PYHook.h in Headers */ = {isa = PBXBuildFile; fileRef = 15F76C0C1C1E735300DB41BC /* PYHook.h */; settings = {ATTRIBUTES = (Public, ); }; };
		15632BD01C4D1606006D3B09 /* PYOrientationListener.m in Sources */ = {isa = PBXBuildFile; fileRef = 15632BCF1C4D1606006D3B09 /* PYOrientationListener.m */; };
		15632BD21C4D189E006D3B09 /* PYOrientationListener.h in Headers */ = {isa = PBXBuildFile; fileRef = 15632BCE1C4D1606006D3B09 /* PYOrientationListener.h */; settings = {ATTRIBUTES = (Public, ); }; };
		15632BD51C4D1997006D3B09 /* Reachability.m in Sources */ = {isa = PBXBuildFile; fileRef = 15632BD41C4D1997006D3B09 /* Reachability.m */; settings = {COMPILER_FLAGS = "-fno-objc-arc"; }; };
		15632BD81C4D19CE006D3B09 /* PYReachabilityListener.m in Sources */ = {isa = PBXBuildFile; fileRef = 15632BD71C4D19CE006D3B09 /* PYReachabilityListener.m */; };
		15632BDA1C4D1EBE006D3B09 /* PYReachabilityListener.h in Headers */ = {isa = PBXBuildFile; fileRef = 15632BD61C4D19CE006D3B09 /* PYReachabilityListener.h */; settings = {ATTRIBUTES = (Public, ); }; };
		15632BDC1C4D1F67006D3B09 /* Reachability.h in Headers */ = {isa = PBXBuildFile; fileRef = 15632BD31C4D1997006D3B09 /* Reachability.h */; settings = {ATTRIBUTES = (Public, ); }; };
		15632BDF1C4DE3E9006D3B09 /* PYMotionListener.m in Sources */ = {isa = PBXBuildFile; fileRef = 15632BDE1C4DE3E9006D3B09 /* PYMotionListener.m */; };
		15632BE01C4E36DF006D3B09 /* PYMotionListener.h in Headers */ = {isa = PBXBuildFile; fileRef = 15632BDD1C4DE3E9006D3B09 /* PYMotionListener.h */; settings = {ATTRIBUTES = (Public, ); }; };
		1563F2AF1C5E35B700062602 /* UIViewController+Hook.m in Sources */ = {isa = PBXBuildFile; fileRef = 1563F2A91C5E35B700062602 /* UIViewController+Hook.m */; };
		1563F2B01C5E35B700062602 /* UIViewController+HookOrientation.m in Sources */ = {isa = PBXBuildFile; fileRef = 1563F2AB1C5E35B700062602 /* UIViewController+HookOrientation.m */; };
		1563F2B11C5E35B700062602 /* UIViewController+HookView.m in Sources */ = {isa = PBXBuildFile; fileRef = 1563F2AD1C5E35B700062602 /* UIViewController+HookView.m */; };
		1563F2B61C5E35EF00062602 /* UIViewController+Hook.h in Headers */ = {isa = PBXBuildFile; fileRef = 1563F2A81C5E35B700062602 /* UIViewController+Hook.h */; settings = {ATTRIBUTES = (Public, ); }; };
		1563F2B71C5E35EF00062602 /* UIViewController+HookOrientation.h in Headers */ = {isa = PBXBuildFile; fileRef = 1563F2AA1C5E35B700062602 /* UIViewController+HookOrientation.h */; settings = {ATTRIBUTES = (Public, ); }; };
		1563F2B81C5E35EF00062602 /* UIViewController+HookView.h in Headers */ = {isa = PBXBuildFile; fileRef = 1563F2AC1C5E35B700062602 /* UIViewController+HookView.h */; settings = {ATTRIBUTES = (Public, ); }; };
		157886CC1BD9E18300B91D76 /* PYViewVC.m in Sources */ = {isa = PBXBuildFile; fileRef = 157886CB1BD9E18300B91D76 /* PYViewVC.m */; };
		15902FBA1C07030300CAEF89 /* NSDictionary+Expand.m in Sources */ = {isa = PBXBuildFile; fileRef = 15902FB91C07030300CAEF89 /* NSDictionary+Expand.m */; };
		15902FBD1C07036E00CAEF89 /* NSData+Expand.m in Sources */ = {isa = PBXBuildFile; fileRef = 15902FBC1C07036E00CAEF89 /* NSData+Expand.m */; };
		15902FC01C0704A400CAEF89 /* NSDictionary+Expand.h in Headers */ = {isa = PBXBuildFile; fileRef = 15902FB81C07030300CAEF89 /* NSDictionary+Expand.h */; settings = {ATTRIBUTES = (Public, ); }; };
		15902FC11C0704A400CAEF89 /* NSData+Expand.h in Headers */ = {isa = PBXBuildFile; fileRef = 15902FBB1C07036E00CAEF89 /* NSData+Expand.h */; settings = {ATTRIBUTES = (Public, ); }; };
		15902FC41C070E9C00CAEF89 /* NSArray+Expand.m in Sources */ = {isa = PBXBuildFile; fileRef = 15902FC31C070E9C00CAEF89 /* NSArray+Expand.m */; };
		15902FC51C070F0400CAEF89 /* NSArray+Expand.h in Headers */ = {isa = PBXBuildFile; fileRef = 15902FC21C070E9C00CAEF89 /* NSArray+Expand.h */; settings = {ATTRIBUTES = (Public, ); }; };
		1592B5F01C60DEBE00C0C8CD /* EXTScope.m in Sources */ = {isa = PBXBuildFile; fileRef = 15A44B0C1BE8504D007D6E4A /* EXTScope.m */; };
		1592B5F11C60DEBE00C0C8CD /* PYFrostedEffectView.m in Sources */ = {isa = PBXBuildFile; fileRef = 1512AA271C2BD413006AAB41 /* PYFrostedEffectView.m */; };
		1592B5F21C60DEBE00C0C8CD /* PYGraphicsDraw.m in Sources */ = {isa = PBXBuildFile; fileRef = 15EC28EC1C4C9D5200032949 /* PYGraphicsDraw.m */; };
		1592B5F31C60DEBE00C0C8CD /* PYGraphicsThumb.m in Sources */ = {isa = PBXBuildFile; fileRef = 15EC28EE1C4C9D5200032949 /* PYGraphicsThumb.m */; };
		1592B5F41C60DEBE00C0C8CD /* PYHook.m in Sources */ = {isa = PBXBuildFile; fileRef = 15F76C0D1C1E735300DB41BC /* PYHook.m */; };
		1592B5F51C60DEBE00C0C8CD /* UIViewController+Hook.m in Sources */ = {isa = PBXBuildFile; fileRef = 1563F2A91C5E35B700062602 /* UIViewController+Hook.m */; };
		1592B5F61C60DEBE00C0C8CD /* UIViewController+HookOrientation.m in Sources */ = {isa = PBXBuildFile; fileRef = 1563F2AB1C5E35B700062602 /* UIViewController+HookOrientation.m */; };
		1592B5F71C60DEBE00C0C8CD /* UIViewController+HookView.m in Sources */ = {isa = PBXBuildFile; fileRef = 1563F2AD1C5E35B700062602 /* UIViewController+HookView.m */; };
		1592B5F81C60DEBE00C0C8CD /* Reachability.m in Sources */ = {isa = PBXBuildFile; fileRef = 15632BD41C4D1997006D3B09 /* Reachability.m */; settings = {COMPILER_FLAGS = "-fno-objc-arc"; }; };
		1592B5FA1C60DEBE00C0C8CD /* PYReachabilityListener.m in Sources */ = {isa = PBXBuildFile; fileRef = 15632BD71C4D19CE006D3B09 /* PYReachabilityListener.m */; };
		1592B5FB1C60DEBE00C0C8CD /* PYMotionListener.m in Sources */ = {isa = PBXBuildFile; fileRef = 15632BDE1C4DE3E9006D3B09 /* PYMotionListener.m */; };
		1592B5FC1C60DEBE00C0C8CD /* PYKeyboardNotification.m in Sources */ = {isa = PBXBuildFile; fileRef = 15EC28E81C4C9CFE00032949 /* PYKeyboardNotification.m */; };
		1592B5FD1C60DEBE00C0C8CD /* PYReflect.m in Sources */ = {isa = PBXBuildFile; fileRef = 15AAE2BB1BD90E8F00B90BB5 /* PYReflect.m */; };
		1592B5FE1C60DEBE00C0C8CD /* PYRegexPredicate.m in Sources */ = {isa = PBXBuildFile; fileRef = 15EC28E21C4C9A9300032949 /* PYRegexPredicate.m */; };
		1592B5FF1C60DEBE00C0C8CD /* PYViewAutolayoutCenter.m in Sources */ = {isa = PBXBuildFile; fileRef = 15A15CD01BF06AFB0013176F /* PYViewAutolayoutCenter.m */; };
		1592B6001C60DEC900C0C8CD /* NSDate+Expand.m in Sources */ = {isa = PBXBuildFile; fileRef = 15A44B1B1BE8A2A1007D6E4A /* NSDate+Expand.m */; };
		1592B6011C60DEC900C0C8CD /* NSNumber+Expand.m in Sources */ = {isa = PBXBuildFile; fileRef = 15A44B211BE8A2A1007D6E4A /* NSNumber+Expand.m */; };
		1592B6021C60DEC900C0C8CD /* NSObject+Expand.m in Sources */ = {isa = PBXBuildFile; fileRef = 15AEF1B61BEAFEC200732F84 /* NSObject+Expand.m */; };
		1592B6031C60DEC900C0C8CD /* NSString+Expand.m in Sources */ = {isa = PBXBuildFile; fileRef = 15A44B251BE8A2A1007D6E4A /* NSString+Expand.m */; };
		1592B6041C60DEC900C0C8CD /* UIColor+Expand.m in Sources */ = {isa = PBXBuildFile; fileRef = 15A44B291BE8A2A1007D6E4A /* UIColor+Expand.m */; };
		1592B6051C60DEC900C0C8CD /* UIImage+Expand.m in Sources */ = {isa = PBXBuildFile; fileRef = 15A44B2B1BE8A2A1007D6E4A /* UIImage+Expand.m */; };
		1592B6061C60DEC900C0C8CD /* UILable+Expand.m in Sources */ = {isa = PBXBuildFile; fileRef = 15A44B2D1BE8A2A1007D6E4A /* UILable+Expand.m */; };
		1592B6071C60DEC900C0C8CD /* UIView+Expand.m in Sources */ = {isa = PBXBuildFile; fileRef = 15A44B2F1BE8A2A1007D6E4A /* UIView+Expand.m */; };
		1592B6081C60DEC900C0C8CD /* NSDictionary+Expand.m in Sources */ = {isa = PBXBuildFile; fileRef = 15902FB91C07030300CAEF89 /* NSDictionary+Expand.m */; };
		1592B6091C60DEC900C0C8CD /* NSData+Expand.m in Sources */ = {isa = PBXBuildFile; fileRef = 15902FBC1C07036E00CAEF89 /* NSData+Expand.m */; };
		1592B60A1C60DEC900C0C8CD /* NSArray+Expand.m in Sources */ = {isa = PBXBuildFile; fileRef = 15902FC31C070E9C00CAEF89 /* NSArray+Expand.m */; };
		1592B60B1C60DFD500C0C8CD /* PYUtile.m in Sources */ = {isa = PBXBuildFile; fileRef = 15BA65A71BE07B2B00CF192B /* PYUtile.m */; };
		1592B60C1C60E0ED00C0C8CD /* PYOrientationListener.m in Sources */ = {isa = PBXBuildFile; fileRef = 15632BCF1C4D1606006D3B09 /* PYOrientationListener.m */; };
		15A15CD11BF06AFB0013176F /* PYViewAutolayoutCenter.m in Sources */ = {isa = PBXBuildFile; fileRef = 15A15CD01BF06AFB0013176F /* PYViewAutolayoutCenter.m */; };
		15A15CD21BF06C8B0013176F /* PYViewAutolayoutCenter.h in Headers */ = {isa = PBXBuildFile; fileRef = 15A15CCF1BF06AFB0013176F /* PYViewAutolayoutCenter.h */; settings = {ATTRIBUTES = (Public, ); }; };
		15A44B0D1BE8504D007D6E4A /* EXTScope.m in Sources */ = {isa = PBXBuildFile; fileRef = 15A44B0C1BE8504D007D6E4A /* EXTScope.m */; };
		15A44B101BE85134007D6E4A /* metamacros.h in Headers */ = {isa = PBXBuildFile; fileRef = 15A44B0E1BE85094007D6E4A /* metamacros.h */; settings = {ATTRIBUTES = (Public, ); }; };
		15A44B111BE85134007D6E4A /* EXTScope.h in Headers */ = {isa = PBXBuildFile; fileRef = 15A44B0B1BE8504D007D6E4A /* EXTScope.h */; settings = {ATTRIBUTES = (Public, ); }; };
		15A44B301BE8A2A1007D6E4A /* NSDate+Expand.m in Sources */ = {isa = PBXBuildFile; fileRef = 15A44B1B1BE8A2A1007D6E4A /* NSDate+Expand.m */; };
		15A44B331BE8A2A1007D6E4A /* NSNumber+Expand.m in Sources */ = {isa = PBXBuildFile; fileRef = 15A44B211BE8A2A1007D6E4A /* NSNumber+Expand.m */; };
		15A44B351BE8A2A1007D6E4A /* NSString+Expand.m in Sources */ = {isa = PBXBuildFile; fileRef = 15A44B251BE8A2A1007D6E4A /* NSString+Expand.m */; };
		15A44B371BE8A2A1007D6E4A /* UIColor+Expand.m in Sources */ = {isa = PBXBuildFile; fileRef = 15A44B291BE8A2A1007D6E4A /* UIColor+Expand.m */; };
		15A44B381BE8A2A1007D6E4A /* UIImage+Expand.m in Sources */ = {isa = PBXBuildFile; fileRef = 15A44B2B1BE8A2A1007D6E4A /* UIImage+Expand.m */; };
		15A44B391BE8A2A1007D6E4A /* UILable+Expand.m in Sources */ = {isa = PBXBuildFile; fileRef = 15A44B2D1BE8A2A1007D6E4A /* UILable+Expand.m */; };
		15A44B3A1BE8A2A1007D6E4A /* UIView+Expand.m in Sources */ = {isa = PBXBuildFile; fileRef = 15A44B2F1BE8A2A1007D6E4A /* UIView+Expand.m */; };
		15A44B421BE8A453007D6E4A /* NSDate+Expand.h in Headers */ = {isa = PBXBuildFile; fileRef = 15A44B1A1BE8A2A1007D6E4A /* NSDate+Expand.h */; settings = {ATTRIBUTES = (Public, ); }; };
		15A44B431BE8A453007D6E4A /* NSNumber+Expand.h in Headers */ = {isa = PBXBuildFile; fileRef = 15A44B201BE8A2A1007D6E4A /* NSNumber+Expand.h */; settings = {ATTRIBUTES = (Public, ); }; };
		15A44B441BE8A453007D6E4A /* NSString+Expand.h in Headers */ = {isa = PBXBuildFile; fileRef = 15A44B241BE8A2A1007D6E4A /* NSString+Expand.h */; settings = {ATTRIBUTES = (Public, ); }; };
		15A44B451BE8A453007D6E4A /* UIColor+Expand.h in Headers */ = {isa = PBXBuildFile; fileRef = 15A44B281BE8A2A1007D6E4A /* UIColor+Expand.h */; settings = {ATTRIBUTES = (Public, ); }; };
		15A44B461BE8A453007D6E4A /* UIImage+Expand.h in Headers */ = {isa = PBXBuildFile; fileRef = 15A44B2A1BE8A2A1007D6E4A /* UIImage+Expand.h */; settings = {ATTRIBUTES = (Public, ); }; };
		15A44B471BE8A453007D6E4A /* UILable+Expand.h in Headers */ = {isa = PBXBuildFile; fileRef = 15A44B2C1BE8A2A1007D6E4A /* UILable+Expand.h */; settings = {ATTRIBUTES = (Public, ); }; };
		15A44B481BE8A453007D6E4A /* UIView+Expand.h in Headers */ = {isa = PBXBuildFile; fileRef = 15A44B2E1BE8A2A1007D6E4A /* UIView+Expand.h */; settings = {ATTRIBUTES = (Public, ); }; };
		15AAE2BF1BD90E8F00B90BB5 /* PYReflect.m in Sources */ = {isa = PBXBuildFile; fileRef = 15AAE2BB1BD90E8F00B90BB5 /* PYReflect.m */; };
		15AEF1B71BEAFEC200732F84 /* NSObject+Expand.m in Sources */ = {isa = PBXBuildFile; fileRef = 15AEF1B61BEAFEC200732F84 /* NSObject+Expand.m */; };
		15AEF1B91BEAFF4900732F84 /* NSObject+Expand.h in Headers */ = {isa = PBXBuildFile; fileRef = 15AEF1B51BEAFEC200732F84 /* NSObject+Expand.h */; settings = {ATTRIBUTES = (Public, ); }; };
		15AF62EE1BF4963C00EE943E /* 1.jpg in Resources */ = {isa = PBXBuildFile; fileRef = 15AF62ED1BF4963C00EE943E /* 1.jpg */; };
		15BA65A81BE07B2B00CF192B /* PYUtile.m in Sources */ = {isa = PBXBuildFile; fileRef = 15BA65A71BE07B2B00CF192B /* PYUtile.m */; };
		15BA65B11BE0985700CF192B /* Utile.Framework.h in Headers */ = {isa = PBXBuildFile; fileRef = 15BA65B01BE0985700CF192B /* Utile.Framework.h */; settings = {ATTRIBUTES = (Public, ); }; };
		15BA65B51BE0985700CF192B /* Utile.framework in Frameworks */ = {isa = PBXBuildFile; fileRef = 15BA65AE1BE0985700CF192B /* Utile.framework */; };
		15BA65B61BE0985700CF192B /* Utile.framework in Embed Frameworks */ = {isa = PBXBuildFile; fileRef = 15BA65AE1BE0985700CF192B /* Utile.framework */; settings = {ATTRIBUTES = (CodeSignOnCopy, RemoveHeadersOnCopy, ); }; };
		15BA65BF1BE098B400CF192B /* PYUtile.h in Headers */ = {isa = PBXBuildFile; fileRef = 15BA65A61BE07B2B00CF192B /* PYUtile.h */; settings = {ATTRIBUTES = (Public, ); }; };
		15BA65C21BE098B500CF192B /* PYReflect.h in Headers */ = {isa = PBXBuildFile; fileRef = 15AAE2BA1BD90E8F00B90BB5 /* PYReflect.h */; settings = {ATTRIBUTES = (Public, ); }; };
		15C2791D1BE9F54900C80293 /* UIKit.framework in Frameworks */ = {isa = PBXBuildFile; fileRef = 15C2791C1BE9F54900C80293 /* UIKit.framework */; };
		15C2791F1BE9F7D900C80293 /* Foundation.framework in Frameworks */ = {isa = PBXBuildFile; fileRef = 15C2791E1BE9F7D900C80293 /* Foundation.framework */; };
		15D25FF91C16B89F00D1623D /* 1.wav in Resources */ = {isa = PBXBuildFile; fileRef = 15D25FF81C16B89F00D1623D /* 1.wav */; };
		15E6A0981BD774EC00511160 /* main.m in Sources */ = {isa = PBXBuildFile; fileRef = 15E6A0971BD774EC00511160 /* main.m */; };
		15E6A09B1BD774EC00511160 /* AppDelegate.m in Sources */ = {isa = PBXBuildFile; fileRef = 15E6A09A1BD774EC00511160 /* AppDelegate.m */; };
		15E6A0A11BD774EC00511160 /* Main.storyboard in Resources */ = {isa = PBXBuildFile; fileRef = 15E6A09F1BD774EC00511160 /* Main.storyboard */; };
		15E6A0A31BD774EC00511160 /* Assets.xcassets in Resources */ = {isa = PBXBuildFile; fileRef = 15E6A0A21BD774EC00511160 /* Assets.xcassets */; };
		15E6A0A61BD774EC00511160 /* LaunchScreen.storyboard in Resources */ = {isa = PBXBuildFile; fileRef = 15E6A0A41BD774EC00511160 /* LaunchScreen.storyboard */; };
		15E6A0B11BD774EC00511160 /* UtileScourceCodeTests.m in Sources */ = {isa = PBXBuildFile; fileRef = 15E6A0B01BD774EC00511160 /* UtileScourceCodeTests.m */; };
		15E6A0BC1BD774EC00511160 /* UtileScourceCodeUITests.m in Sources */ = {isa = PBXBuildFile; fileRef = 15E6A0BB1BD774EC00511160 /* UtileScourceCodeUITests.m */; };
		15EC28E31C4C9A9300032949 /* PYRegexPredicate.m in Sources */ = {isa = PBXBuildFile; fileRef = 15EC28E21C4C9A9300032949 /* PYRegexPredicate.m */; };
		15EC28E51C4C9AD300032949 /* PYRegexPredicate.h in Headers */ = {isa = PBXBuildFile; fileRef = 15EC28E11C4C9A9300032949 /* PYRegexPredicate.h */; settings = {ATTRIBUTES = (Public, ); }; };
		15EC28E91C4C9CFE00032949 /* PYKeyboardNotification.m in Sources */ = {isa = PBXBuildFile; fileRef = 15EC28E81C4C9CFE00032949 /* PYKeyboardNotification.m */; };
		15EC28EF1C4C9D5200032949 /* PYGraphicsDraw.m in Sources */ = {isa = PBXBuildFile; fileRef = 15EC28EC1C4C9D5200032949 /* PYGraphicsDraw.m */; };
		15EC28F01C4C9D5200032949 /* PYGraphicsThumb.m in Sources */ = {isa = PBXBuildFile; fileRef = 15EC28EE1C4C9D5200032949 /* PYGraphicsThumb.m */; };
		15EC28F41C4C9E8300032949 /* PYGraphicsDraw.h in Headers */ = {isa = PBXBuildFile; fileRef = 15EC28EB1C4C9D5200032949 /* PYGraphicsDraw.h */; settings = {ATTRIBUTES = (Public, ); }; };
		15EC28F51C4C9E8300032949 /* PYGraphicsThumb.h in Headers */ = {isa = PBXBuildFile; fileRef = 15EC28ED1C4C9D5200032949 /* PYGraphicsThumb.h */; settings = {ATTRIBUTES = (Public, ); }; };
		15EC28F61C4C9E8300032949 /* PYKeyboardNotification.h in Headers */ = {isa = PBXBuildFile; fileRef = 15EC28E71C4C9CFE00032949 /* PYKeyboardNotification.h */; settings = {ATTRIBUTES = (Public, ); }; };
		15F76C0E1C1E735300DB41BC /* PYHook.m in Sources */ = {isa = PBXBuildFile; fileRef = 15F76C0D1C1E735300DB41BC /* PYHook.m */; };
/* End PBXBuildFile section */

/* Begin PBXContainerItemProxy section */
		15BA65B31BE0985700CF192B /* PBXContainerItemProxy */ = {
			isa = PBXContainerItemProxy;
			containerPortal = 15E6A08B1BD774EC00511160 /* Project object */;
			proxyType = 1;
			remoteGlobalIDString = 15BA65AD1BE0985700CF192B;
			remoteInfo = Utile.Framework;
		};
		15E6A0AD1BD774EC00511160 /* PBXContainerItemProxy */ = {
			isa = PBXContainerItemProxy;
			containerPortal = 15E6A08B1BD774EC00511160 /* Project object */;
			proxyType = 1;
			remoteGlobalIDString = 15E6A0921BD774EC00511160;
			remoteInfo = UtileScourceCode;
		};
		15E6A0B81BD774EC00511160 /* PBXContainerItemProxy */ = {
			isa = PBXContainerItemProxy;
			containerPortal = 15E6A08B1BD774EC00511160 /* Project object */;
			proxyType = 1;
			remoteGlobalIDString = 15E6A0921BD774EC00511160;
			remoteInfo = UtileScourceCode;
		};
/* End PBXContainerItemProxy section */

/* Begin PBXCopyFilesBuildPhase section */
		15AAE2E01BD90F5600B90BB5 /* Embed Frameworks */ = {
			isa = PBXCopyFilesBuildPhase;
			buildActionMask = 2147483647;
			dstPath = "";
			dstSubfolderSpec = 10;
			files = (
				15BA65B61BE0985700CF192B /* Utile.framework in Embed Frameworks */,
			);
			name = "Embed Frameworks";
			runOnlyForDeploymentPostprocessing = 0;
		};
/* End PBXCopyFilesBuildPhase section */

/* Begin PBXFileReference section */
		1512AA261C2BD413006AAB41 /* PYFrostedEffectView.h */ = {isa = PBXFileReference; fileEncoding = 4; lastKnownFileType = sourcecode.c.h; path = PYFrostedEffectView.h; sourceTree = "<group>"; };
		1512AA271C2BD413006AAB41 /* PYFrostedEffectView.m */ = {isa = PBXFileReference; fileEncoding = 4; lastKnownFileType = sourcecode.c.objc; path = PYFrostedEffectView.m; sourceTree = "<group>"; };
		15632BCE1C4D1606006D3B09 /* PYOrientationListener.h */ = {isa = PBXFileReference; fileEncoding = 4; lastKnownFileType = sourcecode.c.h; path = PYOrientationListener.h; sourceTree = "<group>"; };
		15632BCF1C4D1606006D3B09 /* PYOrientationListener.m */ = {isa = PBXFileReference; fileEncoding = 4; lastKnownFileType = sourcecode.c.objc; path = PYOrientationListener.m; sourceTree = "<group>"; };
		15632BD31C4D1997006D3B09 /* Reachability.h */ = {isa = PBXFileReference; fileEncoding = 4; lastKnownFileType = sourcecode.c.h; path = Reachability.h; sourceTree = "<group>"; };
		15632BD41C4D1997006D3B09 /* Reachability.m */ = {isa = PBXFileReference; fileEncoding = 4; lastKnownFileType = sourcecode.c.objc; path = Reachability.m; sourceTree = "<group>"; };
		15632BD61C4D19CE006D3B09 /* PYReachabilityListener.h */ = {isa = PBXFileReference; fileEncoding = 4; lastKnownFileType = sourcecode.c.h; path = PYReachabilityListener.h; sourceTree = "<group>"; };
		15632BD71C4D19CE006D3B09 /* PYReachabilityListener.m */ = {isa = PBXFileReference; fileEncoding = 4; lastKnownFileType = sourcecode.c.objc; path = PYReachabilityListener.m; sourceTree = "<group>"; };
		15632BDD1C4DE3E9006D3B09 /* PYMotionListener.h */ = {isa = PBXFileReference; fileEncoding = 4; lastKnownFileType = sourcecode.c.h; path = PYMotionListener.h; sourceTree = "<group>"; };
		15632BDE1C4DE3E9006D3B09 /* PYMotionListener.m */ = {isa = PBXFileReference; fileEncoding = 4; lastKnownFileType = sourcecode.c.objc; path = PYMotionListener.m; sourceTree = "<group>"; };
		1563F2A81C5E35B700062602 /* UIViewController+Hook.h */ = {isa = PBXFileReference; fileEncoding = 4; lastKnownFileType = sourcecode.c.h; path = "UIViewController+Hook.h"; sourceTree = "<group>"; };
		1563F2A91C5E35B700062602 /* UIViewController+Hook.m */ = {isa = PBXFileReference; fileEncoding = 4; lastKnownFileType = sourcecode.c.objc; path = "UIViewController+Hook.m"; sourceTree = "<group>"; };
		1563F2AA1C5E35B700062602 /* UIViewController+HookOrientation.h */ = {isa = PBXFileReference; fileEncoding = 4; lastKnownFileType = sourcecode.c.h; path = "UIViewController+HookOrientation.h"; sourceTree = "<group>"; };
		1563F2AB1C5E35B700062602 /* UIViewController+HookOrientation.m */ = {isa = PBXFileReference; fileEncoding = 4; lastKnownFileType = sourcecode.c.objc; path = "UIViewController+HookOrientation.m"; sourceTree = "<group>"; };
		1563F2AC1C5E35B700062602 /* UIViewController+HookView.h */ = {isa = PBXFileReference; fileEncoding = 4; lastKnownFileType = sourcecode.c.h; path = "UIViewController+HookView.h"; sourceTree = "<group>"; };
		1563F2AD1C5E35B700062602 /* UIViewController+HookView.m */ = {isa = PBXFileReference; fileEncoding = 4; lastKnownFileType = sourcecode.c.objc; path = "UIViewController+HookView.m"; sourceTree = "<group>"; };
		157886CA1BD9E18300B91D76 /* PYViewVC.h */ = {isa = PBXFileReference; fileEncoding = 4; lastKnownFileType = sourcecode.c.h; path = PYViewVC.h; sourceTree = "<group>"; };
		157886CB1BD9E18300B91D76 /* PYViewVC.m */ = {isa = PBXFileReference; fileEncoding = 4; lastKnownFileType = sourcecode.c.objc; path = PYViewVC.m; sourceTree = "<group>"; };
		15902FB81C07030300CAEF89 /* NSDictionary+Expand.h */ = {isa = PBXFileReference; fileEncoding = 4; lastKnownFileType = sourcecode.c.h; path = "NSDictionary+Expand.h"; sourceTree = "<group>"; };
		15902FB91C07030300CAEF89 /* NSDictionary+Expand.m */ = {isa = PBXFileReference; fileEncoding = 4; lastKnownFileType = sourcecode.c.objc; path = "NSDictionary+Expand.m"; sourceTree = "<group>"; };
		15902FBB1C07036E00CAEF89 /* NSData+Expand.h */ = {isa = PBXFileReference; fileEncoding = 4; lastKnownFileType = sourcecode.c.h; path = "NSData+Expand.h"; sourceTree = "<group>"; };
		15902FBC1C07036E00CAEF89 /* NSData+Expand.m */ = {isa = PBXFileReference; fileEncoding = 4; lastKnownFileType = sourcecode.c.objc; path = "NSData+Expand.m"; sourceTree = "<group>"; };
		15902FC21C070E9C00CAEF89 /* NSArray+Expand.h */ = {isa = PBXFileReference; fileEncoding = 4; lastKnownFileType = sourcecode.c.h; path = "NSArray+Expand.h"; sourceTree = "<group>"; };
		15902FC31C070E9C00CAEF89 /* NSArray+Expand.m */ = {isa = PBXFileReference; fileEncoding = 4; lastKnownFileType = sourcecode.c.objc; path = "NSArray+Expand.m"; sourceTree = "<group>"; };
		15A15CCF1BF06AFB0013176F /* PYViewAutolayoutCenter.h */ = {isa = PBXFileReference; fileEncoding = 4; lastKnownFileType = sourcecode.c.h; path = PYViewAutolayoutCenter.h; sourceTree = "<group>"; };
		15A15CD01BF06AFB0013176F /* PYViewAutolayoutCenter.m */ = {isa = PBXFileReference; fileEncoding = 4; lastKnownFileType = sourcecode.c.objc; path = PYViewAutolayoutCenter.m; sourceTree = "<group>"; };
		15A44B0B1BE8504D007D6E4A /* EXTScope.h */ = {isa = PBXFileReference; fileEncoding = 4; lastKnownFileType = sourcecode.c.h; path = EXTScope.h; sourceTree = "<group>"; };
		15A44B0C1BE8504D007D6E4A /* EXTScope.m */ = {isa = PBXFileReference; fileEncoding = 4; lastKnownFileType = sourcecode.c.objc; path = EXTScope.m; sourceTree = "<group>"; };
		15A44B0E1BE85094007D6E4A /* metamacros.h */ = {isa = PBXFileReference; fileEncoding = 4; lastKnownFileType = sourcecode.c.h; path = metamacros.h; sourceTree = "<group>"; };
		15A44B1A1BE8A2A1007D6E4A /* NSDate+Expand.h */ = {isa = PBXFileReference; fileEncoding = 4; lastKnownFileType = sourcecode.c.h; path = "NSDate+Expand.h"; sourceTree = "<group>"; };
		15A44B1B1BE8A2A1007D6E4A /* NSDate+Expand.m */ = {isa = PBXFileReference; fileEncoding = 4; lastKnownFileType = sourcecode.c.objc; path = "NSDate+Expand.m"; sourceTree = "<group>"; };
		15A44B201BE8A2A1007D6E4A /* NSNumber+Expand.h */ = {isa = PBXFileReference; fileEncoding = 4; lastKnownFileType = sourcecode.c.h; path = "NSNumber+Expand.h"; sourceTree = "<group>"; };
		15A44B211BE8A2A1007D6E4A /* NSNumber+Expand.m */ = {isa = PBXFileReference; fileEncoding = 4; lastKnownFileType = sourcecode.c.objc; path = "NSNumber+Expand.m"; sourceTree = "<group>"; };
		15A44B241BE8A2A1007D6E4A /* NSString+Expand.h */ = {isa = PBXFileReference; fileEncoding = 4; lastKnownFileType = sourcecode.c.h; path = "NSString+Expand.h"; sourceTree = "<group>"; };
		15A44B251BE8A2A1007D6E4A /* NSString+Expand.m */ = {isa = PBXFileReference; fileEncoding = 4; lastKnownFileType = sourcecode.c.objc; path = "NSString+Expand.m"; sourceTree = "<group>"; };
		15A44B281BE8A2A1007D6E4A /* UIColor+Expand.h */ = {isa = PBXFileReference; fileEncoding = 4; lastKnownFileType = sourcecode.c.h; path = "UIColor+Expand.h"; sourceTree = "<group>"; };
		15A44B291BE8A2A1007D6E4A /* UIColor+Expand.m */ = {isa = PBXFileReference; fileEncoding = 4; lastKnownFileType = sourcecode.c.objc; path = "UIColor+Expand.m"; sourceTree = "<group>"; };
		15A44B2A1BE8A2A1007D6E4A /* UIImage+Expand.h */ = {isa = PBXFileReference; fileEncoding = 4; lastKnownFileType = sourcecode.c.h; path = "UIImage+Expand.h"; sourceTree = "<group>"; };
		15A44B2B1BE8A2A1007D6E4A /* UIImage+Expand.m */ = {isa = PBXFileReference; fileEncoding = 4; lastKnownFileType = sourcecode.c.objc; path = "UIImage+Expand.m"; sourceTree = "<group>"; };
		15A44B2C1BE8A2A1007D6E4A /* UILable+Expand.h */ = {isa = PBXFileReference; fileEncoding = 4; lastKnownFileType = sourcecode.c.h; path = "UILable+Expand.h"; sourceTree = "<group>"; };
		15A44B2D1BE8A2A1007D6E4A /* UILable+Expand.m */ = {isa = PBXFileReference; fileEncoding = 4; lastKnownFileType = sourcecode.c.objc; path = "UILable+Expand.m"; sourceTree = "<group>"; };
		15A44B2E1BE8A2A1007D6E4A /* UIView+Expand.h */ = {isa = PBXFileReference; fileEncoding = 4; lastKnownFileType = sourcecode.c.h; path = "UIView+Expand.h"; sourceTree = "<group>"; };
		15A44B2F1BE8A2A1007D6E4A /* UIView+Expand.m */ = {isa = PBXFileReference; fileEncoding = 4; lastKnownFileType = sourcecode.c.objc; path = "UIView+Expand.m"; sourceTree = "<group>"; };
		15AAE2BA1BD90E8F00B90BB5 /* PYReflect.h */ = {isa = PBXFileReference; fileEncoding = 4; lastKnownFileType = sourcecode.c.h; path = PYReflect.h; sourceTree = "<group>"; };
		15AAE2BB1BD90E8F00B90BB5 /* PYReflect.m */ = {isa = PBXFileReference; fileEncoding = 4; lastKnownFileType = sourcecode.c.objc; path = PYReflect.m; sourceTree = "<group>"; };
		15AEF1B51BEAFEC200732F84 /* NSObject+Expand.h */ = {isa = PBXFileReference; fileEncoding = 4; lastKnownFileType = sourcecode.c.h; path = "NSObject+Expand.h"; sourceTree = "<group>"; };
		15AEF1B61BEAFEC200732F84 /* NSObject+Expand.m */ = {isa = PBXFileReference; fileEncoding = 4; lastKnownFileType = sourcecode.c.objc; path = "NSObject+Expand.m"; sourceTree = "<group>"; };
		15AF62ED1BF4963C00EE943E /* 1.jpg */ = {isa = PBXFileReference; lastKnownFileType = image.jpeg; path = 1.jpg; sourceTree = "<group>"; };
		15BA65A61BE07B2B00CF192B /* PYUtile.h */ = {isa = PBXFileReference; fileEncoding = 4; lastKnownFileType = sourcecode.c.h; path = PYUtile.h; sourceTree = "<group>"; };
		15BA65A71BE07B2B00CF192B /* PYUtile.m */ = {isa = PBXFileReference; fileEncoding = 4; lastKnownFileType = sourcecode.c.objc; path = PYUtile.m; sourceTree = "<group>"; };
		15BA65AE1BE0985700CF192B /* Utile.framework */ = {isa = PBXFileReference; explicitFileType = wrapper.framework; includeInIndex = 0; path = Utile.framework; sourceTree = BUILT_PRODUCTS_DIR; };
		15BA65B01BE0985700CF192B /* Utile.Framework.h */ = {isa = PBXFileReference; lastKnownFileType = sourcecode.c.h; path = Utile.Framework.h; sourceTree = "<group>"; };
		15BA65B21BE0985700CF192B /* Info.plist */ = {isa = PBXFileReference; lastKnownFileType = text.plist.xml; path = Info.plist; sourceTree = "<group>"; };
		15C2791C1BE9F54900C80293 /* UIKit.framework */ = {isa = PBXFileReference; lastKnownFileType = wrapper.framework; name = UIKit.framework; path = System/Library/Frameworks/UIKit.framework; sourceTree = SDKROOT; };
		15C2791E1BE9F7D900C80293 /* Foundation.framework */ = {isa = PBXFileReference; lastKnownFileType = wrapper.framework; name = Foundation.framework; path = System/Library/Frameworks/Foundation.framework; sourceTree = SDKROOT; };
		15D25FF81C16B89F00D1623D /* 1.wav */ = {isa = PBXFileReference; lastKnownFileType = audio.wav; path = 1.wav; sourceTree = "<group>"; };
		15E6A0931BD774EC00511160 /* UtileScourceCode.app */ = {isa = PBXFileReference; explicitFileType = wrapper.application; includeInIndex = 0; path = UtileScourceCode.app; sourceTree = BUILT_PRODUCTS_DIR; };
		15E6A0971BD774EC00511160 /* main.m */ = {isa = PBXFileReference; lastKnownFileType = sourcecode.c.objc; path = main.m; sourceTree = "<group>"; };
		15E6A0991BD774EC00511160 /* AppDelegate.h */ = {isa = PBXFileReference; lastKnownFileType = sourcecode.c.h; path = AppDelegate.h; sourceTree = "<group>"; };
		15E6A09A1BD774EC00511160 /* AppDelegate.m */ = {isa = PBXFileReference; lastKnownFileType = sourcecode.c.objc; path = AppDelegate.m; sourceTree = "<group>"; };
		15E6A0A01BD774EC00511160 /* Base */ = {isa = PBXFileReference; lastKnownFileType = file.storyboard; name = Base; path = Base.lproj/Main.storyboard; sourceTree = "<group>"; };
		15E6A0A21BD774EC00511160 /* Assets.xcassets */ = {isa = PBXFileReference; lastKnownFileType = folder.assetcatalog; path = Assets.xcassets; sourceTree = "<group>"; };
		15E6A0A51BD774EC00511160 /* Base */ = {isa = PBXFileReference; lastKnownFileType = file.storyboard; name = Base; path = Base.lproj/LaunchScreen.storyboard; sourceTree = "<group>"; };
		15E6A0A71BD774EC00511160 /* Info.plist */ = {isa = PBXFileReference; lastKnownFileType = text.plist.xml; path = Info.plist; sourceTree = "<group>"; };
		15E6A0AC1BD774EC00511160 /* UtileScourceCodeTests.xctest */ = {isa = PBXFileReference; explicitFileType = wrapper.cfbundle; includeInIndex = 0; path = UtileScourceCodeTests.xctest; sourceTree = BUILT_PRODUCTS_DIR; };
		15E6A0B01BD774EC00511160 /* UtileScourceCodeTests.m */ = {isa = PBXFileReference; lastKnownFileType = sourcecode.c.objc; path = UtileScourceCodeTests.m; sourceTree = "<group>"; };
		15E6A0B21BD774EC00511160 /* Info.plist */ = {isa = PBXFileReference; lastKnownFileType = text.plist.xml; path = Info.plist; sourceTree = "<group>"; };
		15E6A0B71BD774EC00511160 /* UtileScourceCodeUITests.xctest */ = {isa = PBXFileReference; explicitFileType = wrapper.cfbundle; includeInIndex = 0; path = UtileScourceCodeUITests.xctest; sourceTree = BUILT_PRODUCTS_DIR; };
		15E6A0BB1BD774EC00511160 /* UtileScourceCodeUITests.m */ = {isa = PBXFileReference; lastKnownFileType = sourcecode.c.objc; path = UtileScourceCodeUITests.m; sourceTree = "<group>"; };
		15E6A0BD1BD774EC00511160 /* Info.plist */ = {isa = PBXFileReference; lastKnownFileType = text.plist.xml; path = Info.plist; sourceTree = "<group>"; };
		15EC28E11C4C9A9300032949 /* PYRegexPredicate.h */ = {isa = PBXFileReference; fileEncoding = 4; lastKnownFileType = sourcecode.c.h; path = PYRegexPredicate.h; sourceTree = "<group>"; };
		15EC28E21C4C9A9300032949 /* PYRegexPredicate.m */ = {isa = PBXFileReference; fileEncoding = 4; lastKnownFileType = sourcecode.c.objc; path = PYRegexPredicate.m; sourceTree = "<group>"; };
		15EC28E71C4C9CFE00032949 /* PYKeyboardNotification.h */ = {isa = PBXFileReference; fileEncoding = 4; lastKnownFileType = sourcecode.c.h; path = PYKeyboardNotification.h; sourceTree = "<group>"; };
		15EC28E81C4C9CFE00032949 /* PYKeyboardNotification.m */ = {isa = PBXFileReference; fileEncoding = 4; lastKnownFileType = sourcecode.c.objc; path = PYKeyboardNotification.m; sourceTree = "<group>"; };
		15EC28EB1C4C9D5200032949 /* PYGraphicsDraw.h */ = {isa = PBXFileReference; fileEncoding = 4; lastKnownFileType = sourcecode.c.h; path = PYGraphicsDraw.h; sourceTree = "<group>"; };
		15EC28EC1C4C9D5200032949 /* PYGraphicsDraw.m */ = {isa = PBXFileReference; fileEncoding = 4; lastKnownFileType = sourcecode.c.objc; path = PYGraphicsDraw.m; sourceTree = "<group>"; };
		15EC28ED1C4C9D5200032949 /* PYGraphicsThumb.h */ = {isa = PBXFileReference; fileEncoding = 4; lastKnownFileType = sourcecode.c.h; path = PYGraphicsThumb.h; sourceTree = "<group>"; };
		15EC28EE1C4C9D5200032949 /* PYGraphicsThumb.m */ = {isa = PBXFileReference; fileEncoding = 4; lastKnownFileType = sourcecode.c.objc; path = PYGraphicsThumb.m; sourceTree = "<group>"; };
		15F76C0C1C1E735300DB41BC /* PYHook.h */ = {isa = PBXFileReference; fileEncoding = 4; lastKnownFileType = sourcecode.c.h; path = PYHook.h; sourceTree = "<group>"; };
		15F76C0D1C1E735300DB41BC /* PYHook.m */ = {isa = PBXFileReference; fileEncoding = 4; lastKnownFileType = sourcecode.c.objc; path = PYHook.m; sourceTree = "<group>"; };
/* End PBXFileReference section */

/* Begin PBXFrameworksBuildPhase section */
		15BA65AA1BE0985700CF192B /* Frameworks */ = {
			isa = PBXFrameworksBuildPhase;
			buildActionMask = 2147483647;
			files = (
				15C2791F1BE9F7D900C80293 /* Foundation.framework in Frameworks */,
				15C2791D1BE9F54900C80293 /* UIKit.framework in Frameworks */,
			);
			runOnlyForDeploymentPostprocessing = 0;
		};
		15E6A0901BD774EC00511160 /* Frameworks */ = {
			isa = PBXFrameworksBuildPhase;
			buildActionMask = 2147483647;
			files = (
				15BA65B51BE0985700CF192B /* Utile.framework in Frameworks */,
			);
			runOnlyForDeploymentPostprocessing = 0;
		};
		15E6A0A91BD774EC00511160 /* Frameworks */ = {
			isa = PBXFrameworksBuildPhase;
			buildActionMask = 2147483647;
			files = (
			);
			runOnlyForDeploymentPostprocessing = 0;
		};
		15E6A0B41BD774EC00511160 /* Frameworks */ = {
			isa = PBXFrameworksBuildPhase;
			buildActionMask = 2147483647;
			files = (
			);
			runOnlyForDeploymentPostprocessing = 0;
		};
/* End PBXFrameworksBuildPhase section */

/* Begin PBXGroup section */
		1512AA251C2BD403006AAB41 /* FrostedEffectView */ = {
			isa = PBXGroup;
			children = (
				1512AA261C2BD413006AAB41 /* PYFrostedEffectView.h */,
				1512AA271C2BD413006AAB41 /* PYFrostedEffectView.m */,
			);
			path = FrostedEffectView;
			sourceTree = "<group>";
		};
		15632BC71C4D130F006D3B09 /* Listener */ = {
			isa = PBXGroup;
			children = (
				15632BD31C4D1997006D3B09 /* Reachability.h */,
				15632BD41C4D1997006D3B09 /* Reachability.m */,
				15632BCE1C4D1606006D3B09 /* PYOrientationListener.h */,
				15632BCF1C4D1606006D3B09 /* PYOrientationListener.m */,
				15632BD61C4D19CE006D3B09 /* PYReachabilityListener.h */,
				15632BD71C4D19CE006D3B09 /* PYReachabilityListener.m */,
				15632BDD1C4DE3E9006D3B09 /* PYMotionListener.h */,
				15632BDE1C4DE3E9006D3B09 /* PYMotionListener.m */,
			);
			path = Listener;
			sourceTree = "<group>";
		};
		157886BD1BD9CA2A00B91D76 /* RegexPredicate */ = {
			isa = PBXGroup;
			children = (
				15EC28E11C4C9A9300032949 /* PYRegexPredicate.h */,
				15EC28E21C4C9A9300032949 /* PYRegexPredicate.m */,
			);
			path = RegexPredicate;
			sourceTree = "<group>";
		};
		15A15CCE1BF06AFB0013176F /* ViewAutolayout */ = {
			isa = PBXGroup;
			children = (
				15A15CCF1BF06AFB0013176F /* PYViewAutolayoutCenter.h */,
				15A15CD01BF06AFB0013176F /* PYViewAutolayoutCenter.m */,
			);
			path = ViewAutolayout;
			sourceTree = "<group>";
		};
		15A44B0A1BE8504D007D6E4A /* EXTScope */ = {
			isa = PBXGroup;
			children = (
				15A44B0E1BE85094007D6E4A /* metamacros.h */,
				15A44B0B1BE8504D007D6E4A /* EXTScope.h */,
				15A44B0C1BE8504D007D6E4A /* EXTScope.m */,
			);
			path = EXTScope;
			sourceTree = "<group>";
		};
		15A44B191BE8A2A1007D6E4A /* Expand */ = {
			isa = PBXGroup;
			children = (
				15A44B1A1BE8A2A1007D6E4A /* NSDate+Expand.h */,
				15A44B1B1BE8A2A1007D6E4A /* NSDate+Expand.m */,
				15A44B201BE8A2A1007D6E4A /* NSNumber+Expand.h */,
				15A44B211BE8A2A1007D6E4A /* NSNumber+Expand.m */,
				15AEF1B51BEAFEC200732F84 /* NSObject+Expand.h */,
				15AEF1B61BEAFEC200732F84 /* NSObject+Expand.m */,
				15A44B241BE8A2A1007D6E4A /* NSString+Expand.h */,
				15A44B251BE8A2A1007D6E4A /* NSString+Expand.m */,
				15A44B281BE8A2A1007D6E4A /* UIColor+Expand.h */,
				15A44B291BE8A2A1007D6E4A /* UIColor+Expand.m */,
				15A44B2A1BE8A2A1007D6E4A /* UIImage+Expand.h */,
				15A44B2B1BE8A2A1007D6E4A /* UIImage+Expand.m */,
				15A44B2C1BE8A2A1007D6E4A /* UILable+Expand.h */,
				15A44B2D1BE8A2A1007D6E4A /* UILable+Expand.m */,
				15A44B2E1BE8A2A1007D6E4A /* UIView+Expand.h */,
				15A44B2F1BE8A2A1007D6E4A /* UIView+Expand.m */,
				15902FB81C07030300CAEF89 /* NSDictionary+Expand.h */,
				15902FB91C07030300CAEF89 /* NSDictionary+Expand.m */,
				15902FBB1C07036E00CAEF89 /* NSData+Expand.h */,
				15902FBC1C07036E00CAEF89 /* NSData+Expand.m */,
				15902FC21C070E9C00CAEF89 /* NSArray+Expand.h */,
				15902FC31C070E9C00CAEF89 /* NSArray+Expand.m */,
			);
			path = Expand;
			sourceTree = "<group>";
		};
		15AAE2B91BD90E8F00B90BB5 /* Reflect */ = {
			isa = PBXGroup;
			children = (
				15AAE2BA1BD90E8F00B90BB5 /* PYReflect.h */,
				15AAE2BB1BD90E8F00B90BB5 /* PYReflect.m */,
			);
			path = Reflect;
			sourceTree = "<group>";
		};
		15BA65AF1BE0985700CF192B /* Utile.Framework */ = {
			isa = PBXGroup;
			children = (
				15BA65B01BE0985700CF192B /* Utile.Framework.h */,
				15BA65B21BE0985700CF192B /* Info.plist */,
			);
			path = Utile.Framework;
			sourceTree = "<group>";
		};
		15E6A08A1BD774EC00511160 = {
			isa = PBXGroup;
			children = (
				15D25FF81C16B89F00D1623D /* 1.wav */,
				15AF62ED1BF4963C00EE943E /* 1.jpg */,
				15C2791E1BE9F7D900C80293 /* Foundation.framework */,
				15C2791C1BE9F54900C80293 /* UIKit.framework */,
				15E6A0951BD774EC00511160 /* UtileScourceCode */,
				15E6A0AF1BD774EC00511160 /* UtileScourceCodeTests */,
				15E6A0BA1BD774EC00511160 /* UtileScourceCodeUITests */,
				15BA65AF1BE0985700CF192B /* Utile.Framework */,
				15E6A0941BD774EC00511160 /* Products */,
			);
			sourceTree = "<group>";
		};
		15E6A0941BD774EC00511160 /* Products */ = {
			isa = PBXGroup;
			children = (
				15E6A0931BD774EC00511160 /* UtileScourceCode.app */,
				15E6A0AC1BD774EC00511160 /* UtileScourceCodeTests.xctest */,
				15E6A0B71BD774EC00511160 /* UtileScourceCodeUITests.xctest */,
				15BA65AE1BE0985700CF192B /* Utile.framework */,
			);
			name = Products;
			sourceTree = "<group>";
		};
		15E6A0951BD774EC00511160 /* UtileScourceCode */ = {
			isa = PBXGroup;
			children = (
				15E6A0991BD774EC00511160 /* AppDelegate.h */,
				15E6A09A1BD774EC00511160 /* AppDelegate.m */,
				15BA65A61BE07B2B00CF192B /* PYUtile.h */,
				157886CA1BD9E18300B91D76 /* PYViewVC.h */,
				15BA65A71BE07B2B00CF192B /* PYUtile.m */,
				157886CB1BD9E18300B91D76 /* PYViewVC.m */,
				15E6A0A71BD774EC00511160 /* Info.plist */,
				15E6A0A21BD774EC00511160 /* Assets.xcassets */,
				15E6A0A41BD774EC00511160 /* LaunchScreen.storyboard */,
				15E6A09F1BD774EC00511160 /* Main.storyboard */,
				15A44B191BE8A2A1007D6E4A /* Expand */,
				15A44B0A1BE8504D007D6E4A /* EXTScope */,
				1512AA251C2BD403006AAB41 /* FrostedEffectView */,
				15EC28EA1C4C9D5200032949 /* Graphics */,
				15F76C0B1C1E733F00DB41BC /* Hook */,
				15632BC71C4D130F006D3B09 /* Listener */,
				15EC28E61C4C9CFE00032949 /* Notification */,
				15AAE2B91BD90E8F00B90BB5 /* Reflect */,
				157886BD1BD9CA2A00B91D76 /* RegexPredicate */,
				15E6A0961BD774EC00511160 /* Supporting Files */,
				15A15CCE1BF06AFB0013176F /* ViewAutolayout */,
			);
			path = UtileScourceCode;
			sourceTree = "<group>";
		};
		15E6A0961BD774EC00511160 /* Supporting Files */ = {
			isa = PBXGroup;
			children = (
				15E6A0971BD774EC00511160 /* main.m */,
			);
			name = "Supporting Files";
			sourceTree = "<group>";
		};
		15E6A0AF1BD774EC00511160 /* UtileScourceCodeTests */ = {
			isa = PBXGroup;
			children = (
				15E6A0B01BD774EC00511160 /* UtileScourceCodeTests.m */,
				15E6A0B21BD774EC00511160 /* Info.plist */,
			);
			path = UtileScourceCodeTests;
			sourceTree = "<group>";
		};
		15E6A0BA1BD774EC00511160 /* UtileScourceCodeUITests */ = {
			isa = PBXGroup;
			children = (
				15E6A0BB1BD774EC00511160 /* UtileScourceCodeUITests.m */,
				15E6A0BD1BD774EC00511160 /* Info.plist */,
			);
			path = UtileScourceCodeUITests;
			sourceTree = "<group>";
		};
		15EC28E61C4C9CFE00032949 /* Notification */ = {
			isa = PBXGroup;
			children = (
				15EC28E71C4C9CFE00032949 /* PYKeyboardNotification.h */,
				15EC28E81C4C9CFE00032949 /* PYKeyboardNotification.m */,
			);
			path = Notification;
			sourceTree = "<group>";
		};
		15EC28EA1C4C9D5200032949 /* Graphics */ = {
			isa = PBXGroup;
			children = (
				15EC28EB1C4C9D5200032949 /* PYGraphicsDraw.h */,
				15EC28EC1C4C9D5200032949 /* PYGraphicsDraw.m */,
				15EC28ED1C4C9D5200032949 /* PYGraphicsThumb.h */,
				15EC28EE1C4C9D5200032949 /* PYGraphicsThumb.m */,
			);
			path = Graphics;
			sourceTree = "<group>";
		};
		15F76C0B1C1E733F00DB41BC /* Hook */ = {
			isa = PBXGroup;
			children = (
				15F76C0C1C1E735300DB41BC /* PYHook.h */,
				15F76C0D1C1E735300DB41BC /* PYHook.m */,
				1563F2A81C5E35B700062602 /* UIViewController+Hook.h */,
				1563F2A91C5E35B700062602 /* UIViewController+Hook.m */,
				1563F2AA1C5E35B700062602 /* UIViewController+HookOrientation.h */,
				1563F2AB1C5E35B700062602 /* UIViewController+HookOrientation.m */,
				1563F2AC1C5E35B700062602 /* UIViewController+HookView.h */,
				1563F2AD1C5E35B700062602 /* UIViewController+HookView.m */,
			);
			path = Hook;
			sourceTree = "<group>";
		};
/* End PBXGroup section */

/* Begin PBXHeadersBuildPhase section */
		15BA65AB1BE0985700CF192B /* Headers */ = {
			isa = PBXHeadersBuildPhase;
			buildActionMask = 2147483647;
			files = (
				15BA65B11BE0985700CF192B /* Utile.Framework.h in Headers */,
				15AEF1B91BEAFF4900732F84 /* NSObject+Expand.h in Headers */,
				15BA65BF1BE098B400CF192B /* PYUtile.h in Headers */,
				15BA65C21BE098B500CF192B /* PYReflect.h in Headers */,
				15A44B111BE85134007D6E4A /* EXTScope.h in Headers */,
				15A44B101BE85134007D6E4A /* metamacros.h in Headers */,
				15A44B421BE8A453007D6E4A /* NSDate+Expand.h in Headers */,
				15A44B431BE8A453007D6E4A /* NSNumber+Expand.h in Headers */,
				15A44B441BE8A453007D6E4A /* NSString+Expand.h in Headers */,
				15A44B451BE8A453007D6E4A /* UIColor+Expand.h in Headers */,
				15A44B461BE8A453007D6E4A /* UIImage+Expand.h in Headers */,
				15A44B471BE8A453007D6E4A /* UILable+Expand.h in Headers */,
				15A44B481BE8A453007D6E4A /* UIView+Expand.h in Headers */,
				15A15CD21BF06C8B0013176F /* PYViewAutolayoutCenter.h in Headers */,
				15902FC01C0704A400CAEF89 /* NSDictionary+Expand.h in Headers */,
				15902FC11C0704A400CAEF89 /* NSData+Expand.h in Headers */,
				15902FC51C070F0400CAEF89 /* NSArray+Expand.h in Headers */,
				1529D4181C48F69300905A92 /* PYHook.h in Headers */,
				1512AA2A1C2BE27C006AAB41 /* PYFrostedEffectView.h in Headers */,
				15EC28E51C4C9AD300032949 /* PYRegexPredicate.h in Headers */,
				15EC28F41C4C9E8300032949 /* PYGraphicsDraw.h in Headers */,
				15EC28F51C4C9E8300032949 /* PYGraphicsThumb.h in Headers */,
				15EC28F61C4C9E8300032949 /* PYKeyboardNotification.h in Headers */,
				15632BD21C4D189E006D3B09 /* PYOrientationListener.h in Headers */,
				15632BDA1C4D1EBE006D3B09 /* PYReachabilityListener.h in Headers */,
				15632BE01C4E36DF006D3B09 /* PYMotionListener.h in Headers */,
				1563F2B61C5E35EF00062602 /* UIViewController+Hook.h in Headers */,
				1563F2B71C5E35EF00062602 /* UIViewController+HookOrientation.h in Headers */,
				1563F2B81C5E35EF00062602 /* UIViewController+HookView.h in Headers */,
				15632BDC1C4D1F67006D3B09 /* Reachability.h in Headers */,
			);
			runOnlyForDeploymentPostprocessing = 0;
		};
/* End PBXHeadersBuildPhase section */

/* Begin PBXNativeTarget section */
		15BA65AD1BE0985700CF192B /* Utile.Framework */ = {
			isa = PBXNativeTarget;
			buildConfigurationList = 15BA65B71BE0985700CF192B /* Build configuration list for PBXNativeTarget "Utile.Framework" */;
			buildPhases = (
				15BA65A91BE0985700CF192B /* Sources */,
				15BA65AA1BE0985700CF192B /* Frameworks */,
				15BA65AB1BE0985700CF192B /* Headers */,
				15BA65AC1BE0985700CF192B /* Resources */,
			);
			buildRules = (
			);
			dependencies = (
			);
			name = Utile.Framework;
			productName = Utile.Framework;
			productReference = 15BA65AE1BE0985700CF192B /* Utile.framework */;
			productType = "com.apple.product-type.framework";
		};
		15E6A0921BD774EC00511160 /* UtileScourceCode */ = {
			isa = PBXNativeTarget;
			buildConfigurationList = 15E6A0C01BD774EC00511160 /* Build configuration list for PBXNativeTarget "UtileScourceCode" */;
			buildPhases = (
				15E6A08F1BD774EC00511160 /* Sources */,
				15E6A0901BD774EC00511160 /* Frameworks */,
				15E6A0911BD774EC00511160 /* Resources */,
				15AAE2E01BD90F5600B90BB5 /* Embed Frameworks */,
			);
			buildRules = (
			);
			dependencies = (
				15BA65B41BE0985700CF192B /* PBXTargetDependency */,
			);
			name = UtileScourceCode;
			productName = UtileScourceCode;
			productReference = 15E6A0931BD774EC00511160 /* UtileScourceCode.app */;
			productType = "com.apple.product-type.application";
		};
		15E6A0AB1BD774EC00511160 /* UtileScourceCodeTests */ = {
			isa = PBXNativeTarget;
			buildConfigurationList = 15E6A0C31BD774EC00511160 /* Build configuration list for PBXNativeTarget "UtileScourceCodeTests" */;
			buildPhases = (
				15E6A0A81BD774EC00511160 /* Sources */,
				15E6A0A91BD774EC00511160 /* Frameworks */,
				15E6A0AA1BD774EC00511160 /* Resources */,
			);
			buildRules = (
			);
			dependencies = (
				15E6A0AE1BD774EC00511160 /* PBXTargetDependency */,
			);
			name = UtileScourceCodeTests;
			productName = UtileScourceCodeTests;
			productReference = 15E6A0AC1BD774EC00511160 /* UtileScourceCodeTests.xctest */;
			productType = "com.apple.product-type.bundle.unit-test";
		};
		15E6A0B61BD774EC00511160 /* UtileScourceCodeUITests */ = {
			isa = PBXNativeTarget;
			buildConfigurationList = 15E6A0C61BD774EC00511160 /* Build configuration list for PBXNativeTarget "UtileScourceCodeUITests" */;
			buildPhases = (
				15E6A0B31BD774EC00511160 /* Sources */,
				15E6A0B41BD774EC00511160 /* Frameworks */,
				15E6A0B51BD774EC00511160 /* Resources */,
			);
			buildRules = (
			);
			dependencies = (
				15E6A0B91BD774EC00511160 /* PBXTargetDependency */,
			);
			name = UtileScourceCodeUITests;
			productName = UtileScourceCodeUITests;
			productReference = 15E6A0B71BD774EC00511160 /* UtileScourceCodeUITests.xctest */;
			productType = "com.apple.product-type.bundle.ui-testing";
		};
/* End PBXNativeTarget section */

/* Begin PBXProject section */
		15E6A08B1BD774EC00511160 /* Project object */ = {
			isa = PBXProject;
			attributes = {
				LastUpgradeCheck = 0700;
				ORGANIZATIONNAME = wlpiaoyi;
				TargetAttributes = {
					15BA65AD1BE0985700CF192B = {
						CreatedOnToolsVersion = 7.1;
					};
					15E6A0921BD774EC00511160 = {
						CreatedOnToolsVersion = 7.0.1;
					};
					15E6A0AB1BD774EC00511160 = {
						CreatedOnToolsVersion = 7.0.1;
						TestTargetID = 15E6A0921BD774EC00511160;
					};
					15E6A0B61BD774EC00511160 = {
						CreatedOnToolsVersion = 7.0.1;
						TestTargetID = 15E6A0921BD774EC00511160;
					};
				};
			};
			buildConfigurationList = 15E6A08E1BD774EC00511160 /* Build configuration list for PBXProject "UtileScourceCode" */;
			compatibilityVersion = "Xcode 3.2";
			developmentRegion = English;
			hasScannedForEncodings = 0;
			knownRegions = (
				en,
				Base,
			);
			mainGroup = 15E6A08A1BD774EC00511160;
			productRefGroup = 15E6A0941BD774EC00511160 /* Products */;
			projectDirPath = "";
			projectRoot = "";
			targets = (
				15E6A0921BD774EC00511160 /* UtileScourceCode */,
				15E6A0AB1BD774EC00511160 /* UtileScourceCodeTests */,
				15E6A0B61BD774EC00511160 /* UtileScourceCodeUITests */,
				15BA65AD1BE0985700CF192B /* Utile.Framework */,
			);
		};
/* End PBXProject section */

/* Begin PBXResourcesBuildPhase section */
		15BA65AC1BE0985700CF192B /* Resources */ = {
			isa = PBXResourcesBuildPhase;
			buildActionMask = 2147483647;
			files = (
			);
			runOnlyForDeploymentPostprocessing = 0;
		};
		15E6A0911BD774EC00511160 /* Resources */ = {
			isa = PBXResourcesBuildPhase;
			buildActionMask = 2147483647;
			files = (
				15D25FF91C16B89F00D1623D /* 1.wav in Resources */,
				15E6A0A61BD774EC00511160 /* LaunchScreen.storyboard in Resources */,
				15AF62EE1BF4963C00EE943E /* 1.jpg in Resources */,
				15E6A0A31BD774EC00511160 /* Assets.xcassets in Resources */,
				15E6A0A11BD774EC00511160 /* Main.storyboard in Resources */,
			);
			runOnlyForDeploymentPostprocessing = 0;
		};
		15E6A0AA1BD774EC00511160 /* Resources */ = {
			isa = PBXResourcesBuildPhase;
			buildActionMask = 2147483647;
			files = (
			);
			runOnlyForDeploymentPostprocessing = 0;
		};
		15E6A0B51BD774EC00511160 /* Resources */ = {
			isa = PBXResourcesBuildPhase;
			buildActionMask = 2147483647;
			files = (
			);
			runOnlyForDeploymentPostprocessing = 0;
		};
/* End PBXResourcesBuildPhase section */

/* Begin PBXSourcesBuildPhase section */
		15BA65A91BE0985700CF192B /* Sources */ = {
			isa = PBXSourcesBuildPhase;
			buildActionMask = 2147483647;
			files = (
				1592B60C1C60E0ED00C0C8CD /* PYOrientationListener.m in Sources */,
				1592B60B1C60DFD500C0C8CD /* PYUtile.m in Sources */,
				1592B6001C60DEC900C0C8CD /* NSDate+Expand.m in Sources */,
				1592B6011C60DEC900C0C8CD /* NSNumber+Expand.m in Sources */,
				1592B6021C60DEC900C0C8CD /* NSObject+Expand.m in Sources */,
				1592B6031C60DEC900C0C8CD /* NSString+Expand.m in Sources */,
				1592B6041C60DEC900C0C8CD /* UIColor+Expand.m in Sources */,
				1592B6051C60DEC900C0C8CD /* UIImage+Expand.m in Sources */,
				1592B6061C60DEC900C0C8CD /* UILable+Expand.m in Sources */,
				1592B6071C60DEC900C0C8CD /* UIView+Expand.m in Sources */,
				1592B6081C60DEC900C0C8CD /* NSDictionary+Expand.m in Sources */,
				1592B6091C60DEC900C0C8CD /* NSData+Expand.m in Sources */,
				1592B60A1C60DEC900C0C8CD /* NSArray+Expand.m in Sources */,
				1592B5F01C60DEBE00C0C8CD /* EXTScope.m in Sources */,
				1592B5F11C60DEBE00C0C8CD /* PYFrostedEffectView.m in Sources */,
				1592B5F21C60DEBE00C0C8CD /* PYGraphicsDraw.m in Sources */,
				1592B5F31C60DEBE00C0C8CD /* PYGraphicsThumb.m in Sources */,
				1592B5F41C60DEBE00C0C8CD /* PYHook.m in Sources */,
				1592B5F51C60DEBE00C0C8CD /* UIViewController+Hook.m in Sources */,
				1592B5F61C60DEBE00C0C8CD /* UIViewController+HookOrientation.m in Sources */,
				1592B5F71C60DEBE00C0C8CD /* UIViewController+HookView.m in Sources */,
				1592B5F81C60DEBE00C0C8CD /* Reachability.m in Sources */,
				1592B5FA1C60DEBE00C0C8CD /* PYReachabilityListener.m in Sources */,
				1592B5FB1C60DEBE00C0C8CD /* PYMotionListener.m in Sources */,
				1592B5FC1C60DEBE00C0C8CD /* PYKeyboardNotification.m in Sources */,
				1592B5FD1C60DEBE00C0C8CD /* PYReflect.m in Sources */,
				1592B5FE1C60DEBE00C0C8CD /* PYRegexPredicate.m in Sources */,
				1592B5FF1C60DEBE00C0C8CD /* PYViewAutolayoutCenter.m in Sources */,
			);
			runOnlyForDeploymentPostprocessing = 0;
		};
		15E6A08F1BD774EC00511160 /* Sources */ = {
			isa = PBXSourcesBuildPhase;
			buildActionMask = 2147483647;
			files = (
				15A44B371BE8A2A1007D6E4A /* UIColor+Expand.m in Sources */,
				15BA65A81BE07B2B00CF192B /* PYUtile.m in Sources */,
				1512AA281C2BD413006AAB41 /* PYFrostedEffectView.m in Sources */,
				15902FBA1C07030300CAEF89 /* NSDictionary+Expand.m in Sources */,
				15AEF1B71BEAFEC200732F84 /* NSObject+Expand.m in Sources */,
				1563F2B01C5E35B700062602 /* UIViewController+HookOrientation.m in Sources */,
				15EC28E91C4C9CFE00032949 /* PYKeyboardNotification.m in Sources */,
				15A15CD11BF06AFB0013176F /* PYViewAutolayoutCenter.m in Sources */,
				15632BD81C4D19CE006D3B09 /* PYReachabilityListener.m in Sources */,
				1563F2B11C5E35B700062602 /* UIViewController+HookView.m in Sources */,
				15F76C0E1C1E735300DB41BC /* PYHook.m in Sources */,
				15EC28EF1C4C9D5200032949 /* PYGraphicsDraw.m in Sources */,
				15902FBD1C07036E00CAEF89 /* NSData+Expand.m in Sources */,
				15AAE2BF1BD90E8F00B90BB5 /* PYReflect.m in Sources */,
				15A44B381BE8A2A1007D6E4A /* UIImage+Expand.m in Sources */,
				15EC28F01C4C9D5200032949 /* PYGraphicsThumb.m in Sources */,
				1563F2AF1C5E35B700062602 /* UIViewController+Hook.m in Sources */,
				15E6A09B1BD774EC00511160 /* AppDelegate.m in Sources */,
				15E6A0981BD774EC00511160 /* main.m in Sources */,
				15A44B331BE8A2A1007D6E4A /* NSNumber+Expand.m in Sources */,
				15A44B351BE8A2A1007D6E4A /* NSString+Expand.m in Sources */,
				15EC28E31C4C9A9300032949 /* PYRegexPredicate.m in Sources */,
				15A44B301BE8A2A1007D6E4A /* NSDate+Expand.m in Sources */,
				15A44B391BE8A2A1007D6E4A /* UILable+Expand.m in Sources */,
				15A44B3A1BE8A2A1007D6E4A /* UIView+Expand.m in Sources */,
				15632BDF1C4DE3E9006D3B09 /* PYMotionListener.m in Sources */,
				15632BD01C4D1606006D3B09 /* PYOrientationListener.m in Sources */,
				157886CC1BD9E18300B91D76 /* PYViewVC.m in Sources */,
				15902FC41C070E9C00CAEF89 /* NSArray+Expand.m in Sources */,
				15632BD51C4D1997006D3B09 /* Reachability.m in Sources */,
				15A44B0D1BE8504D007D6E4A /* EXTScope.m in Sources */,
			);
			runOnlyForDeploymentPostprocessing = 0;
		};
		15E6A0A81BD774EC00511160 /* Sources */ = {
			isa = PBXSourcesBuildPhase;
			buildActionMask = 2147483647;
			files = (
				15E6A0B11BD774EC00511160 /* UtileScourceCodeTests.m in Sources */,
			);
			runOnlyForDeploymentPostprocessing = 0;
		};
		15E6A0B31BD774EC00511160 /* Sources */ = {
			isa = PBXSourcesBuildPhase;
			buildActionMask = 2147483647;
			files = (
				15E6A0BC1BD774EC00511160 /* UtileScourceCodeUITests.m in Sources */,
			);
			runOnlyForDeploymentPostprocessing = 0;
		};
/* End PBXSourcesBuildPhase section */

/* Begin PBXTargetDependency section */
		15BA65B41BE0985700CF192B /* PBXTargetDependency */ = {
			isa = PBXTargetDependency;
			target = 15BA65AD1BE0985700CF192B /* Utile.Framework */;
			targetProxy = 15BA65B31BE0985700CF192B /* PBXContainerItemProxy */;
		};
		15E6A0AE1BD774EC00511160 /* PBXTargetDependency */ = {
			isa = PBXTargetDependency;
			target = 15E6A0921BD774EC00511160 /* UtileScourceCode */;
			targetProxy = 15E6A0AD1BD774EC00511160 /* PBXContainerItemProxy */;
		};
		15E6A0B91BD774EC00511160 /* PBXTargetDependency */ = {
			isa = PBXTargetDependency;
			target = 15E6A0921BD774EC00511160 /* UtileScourceCode */;
			targetProxy = 15E6A0B81BD774EC00511160 /* PBXContainerItemProxy */;
		};
/* End PBXTargetDependency section */

/* Begin PBXVariantGroup section */
		15E6A09F1BD774EC00511160 /* Main.storyboard */ = {
			isa = PBXVariantGroup;
			children = (
				15E6A0A01BD774EC00511160 /* Base */,
			);
			name = Main.storyboard;
			sourceTree = "<group>";
		};
		15E6A0A41BD774EC00511160 /* LaunchScreen.storyboard */ = {
			isa = PBXVariantGroup;
			children = (
				15E6A0A51BD774EC00511160 /* Base */,
			);
			name = LaunchScreen.storyboard;
			sourceTree = "<group>";
		};
/* End PBXVariantGroup section */

/* Begin XCBuildConfiguration section */
		15BA65B81BE0985700CF192B /* Debug */ = {
			isa = XCBuildConfiguration;
			buildSettings = {
				CURRENT_PROJECT_VERSION = 1;
				DEFINES_MODULE = YES;
				DYLIB_COMPATIBILITY_VERSION = 1;
				DYLIB_CURRENT_VERSION = 1;
				DYLIB_INSTALL_NAME_BASE = "@rpath";
				INFOPLIST_FILE = Utile.Framework/Info.plist;
				INSTALL_PATH = "$(LOCAL_LIBRARY_DIR)/Frameworks";
				IPHONEOS_DEPLOYMENT_TARGET = 6.0;
				LD_RUNPATH_SEARCH_PATHS = "$(inherited) @executable_path/Frameworks @loader_path/Frameworks";
				MACH_O_TYPE = staticlib;
				OTHER_LDFLAGS = (
					"-ObjC",
					"-all_load",
					"-force_load",
				);
				PRODUCT_BUNDLE_IDENTIFIER = "Utile.Utile-Framework";
				PRODUCT_NAME = Utile;
				SKIP_INSTALL = YES;
				VERSIONING_SYSTEM = "apple-generic";
				VERSION_INFO_PREFIX = "";
			};
			name = Debug;
		};
		15BA65B91BE0985700CF192B /* Release */ = {
			isa = XCBuildConfiguration;
			buildSettings = {
				CURRENT_PROJECT_VERSION = 1;
				DEFINES_MODULE = YES;
				DYLIB_COMPATIBILITY_VERSION = 1;
				DYLIB_CURRENT_VERSION = 1;
				DYLIB_INSTALL_NAME_BASE = "@rpath";
				INFOPLIST_FILE = Utile.Framework/Info.plist;
				INSTALL_PATH = "$(LOCAL_LIBRARY_DIR)/Frameworks";
				IPHONEOS_DEPLOYMENT_TARGET = 6.0;
				LD_RUNPATH_SEARCH_PATHS = "$(inherited) @executable_path/Frameworks @loader_path/Frameworks";
				MACH_O_TYPE = staticlib;
				OTHER_LDFLAGS = (
					"-ObjC",
					"-all_load",
					"-force_load",
				);
				PRODUCT_BUNDLE_IDENTIFIER = "Utile.Utile-Framework";
				PRODUCT_NAME = Utile;
				SKIP_INSTALL = YES;
				VERSIONING_SYSTEM = "apple-generic";
				VERSION_INFO_PREFIX = "";
			};
			name = Release;
		};
		15E6A0BE1BD774EC00511160 /* Debug */ = {
			isa = XCBuildConfiguration;
			buildSettings = {
				ALWAYS_SEARCH_USER_PATHS = NO;
				CLANG_CXX_LANGUAGE_STANDARD = "gnu++0x";
				CLANG_CXX_LIBRARY = "libc++";
				CLANG_ENABLE_MODULES = YES;
				CLANG_ENABLE_OBJC_ARC = YES;
				CLANG_WARN_BOOL_CONVERSION = YES;
				CLANG_WARN_CONSTANT_CONVERSION = YES;
				CLANG_WARN_DIRECT_OBJC_ISA_USAGE = YES_ERROR;
				CLANG_WARN_EMPTY_BODY = YES;
				CLANG_WARN_ENUM_CONVERSION = YES;
				CLANG_WARN_INT_CONVERSION = YES;
				CLANG_WARN_OBJC_ROOT_CLASS = YES_ERROR;
				CLANG_WARN_UNREACHABLE_CODE = YES;
				CLANG_WARN__DUPLICATE_METHOD_MATCH = YES;
				"CODE_SIGN_IDENTITY[sdk=iphoneos*]" = "iPhone Developer";
				COPY_PHASE_STRIP = NO;
				DEBUG_INFORMATION_FORMAT = dwarf;
				ENABLE_STRICT_OBJC_MSGSEND = YES;
				ENABLE_TESTABILITY = YES;
				GCC_C_LANGUAGE_STANDARD = gnu99;
				GCC_DYNAMIC_NO_PIC = NO;
				GCC_NO_COMMON_BLOCKS = YES;
				GCC_OPTIMIZATION_LEVEL = 0;
				GCC_PREPROCESSOR_DEFINITIONS = (
					"DEBUG=1",
					"$(inherited)",
				);
				GCC_WARN_64_TO_32_BIT_CONVERSION = YES;
				GCC_WARN_ABOUT_RETURN_TYPE = YES_ERROR;
				GCC_WARN_UNDECLARED_SELECTOR = YES;
				GCC_WARN_UNINITIALIZED_AUTOS = YES_AGGRESSIVE;
				GCC_WARN_UNUSED_FUNCTION = YES;
				GCC_WARN_UNUSED_VARIABLE = YES;
				IPHONEOS_DEPLOYMENT_TARGET = 7.0;
				MTL_ENABLE_DEBUG_INFO = YES;
				ONLY_ACTIVE_ARCH = YES;
				SDKROOT = iphoneos;
				TARGETED_DEVICE_FAMILY = "1,2";
			};
			name = Debug;
		};
		15E6A0BF1BD774EC00511160 /* Release */ = {
			isa = XCBuildConfiguration;
			buildSettings = {
				ALWAYS_SEARCH_USER_PATHS = NO;
				CLANG_CXX_LANGUAGE_STANDARD = "gnu++0x";
				CLANG_CXX_LIBRARY = "libc++";
				CLANG_ENABLE_MODULES = YES;
				CLANG_ENABLE_OBJC_ARC = YES;
				CLANG_WARN_BOOL_CONVERSION = YES;
				CLANG_WARN_CONSTANT_CONVERSION = YES;
				CLANG_WARN_DIRECT_OBJC_ISA_USAGE = YES_ERROR;
				CLANG_WARN_EMPTY_BODY = YES;
				CLANG_WARN_ENUM_CONVERSION = YES;
				CLANG_WARN_INT_CONVERSION = YES;
				CLANG_WARN_OBJC_ROOT_CLASS = YES_ERROR;
				CLANG_WARN_UNREACHABLE_CODE = YES;
				CLANG_WARN__DUPLICATE_METHOD_MATCH = YES;
				"CODE_SIGN_IDENTITY[sdk=iphoneos*]" = "iPhone Developer";
				COPY_PHASE_STRIP = NO;
				DEBUG_INFORMATION_FORMAT = "dwarf-with-dsym";
				ENABLE_NS_ASSERTIONS = NO;
				ENABLE_STRICT_OBJC_MSGSEND = YES;
				GCC_C_LANGUAGE_STANDARD = gnu99;
				GCC_NO_COMMON_BLOCKS = YES;
				GCC_WARN_64_TO_32_BIT_CONVERSION = YES;
				GCC_WARN_ABOUT_RETURN_TYPE = YES_ERROR;
				GCC_WARN_UNDECLARED_SELECTOR = YES;
				GCC_WARN_UNINITIALIZED_AUTOS = YES_AGGRESSIVE;
				GCC_WARN_UNUSED_FUNCTION = YES;
				GCC_WARN_UNUSED_VARIABLE = YES;
				IPHONEOS_DEPLOYMENT_TARGET = 7.0;
				MTL_ENABLE_DEBUG_INFO = NO;
				SDKROOT = iphoneos;
				TARGETED_DEVICE_FAMILY = "1,2";
				VALIDATE_PRODUCT = YES;
			};
			name = Release;
		};
		15E6A0C11BD774EC00511160 /* Debug */ = {
			isa = XCBuildConfiguration;
			buildSettings = {
				ASSETCATALOG_COMPILER_APPICON_NAME = AppIcon;
				INFOPLIST_FILE = UtileScourceCode/Info.plist;
				IPHONEOS_DEPLOYMENT_TARGET = 6.0;
				LD_RUNPATH_SEARCH_PATHS = "$(inherited) @executable_path/Frameworks";
				PRODUCT_BUNDLE_IDENTIFIER = Utile.UtileScourceCode;
				PRODUCT_NAME = "$(TARGET_NAME)";
			};
			name = Debug;
		};
		15E6A0C21BD774EC00511160 /* Release */ = {
			isa = XCBuildConfiguration;
			buildSettings = {
				ASSETCATALOG_COMPILER_APPICON_NAME = AppIcon;
				INFOPLIST_FILE = UtileScourceCode/Info.plist;
				IPHONEOS_DEPLOYMENT_TARGET = 6.0;
				LD_RUNPATH_SEARCH_PATHS = "$(inherited) @executable_path/Frameworks";
				PRODUCT_BUNDLE_IDENTIFIER = Utile.UtileScourceCode;
				PRODUCT_NAME = "$(TARGET_NAME)";
			};
			name = Release;
		};
		15E6A0C41BD774EC00511160 /* Debug */ = {
			isa = XCBuildConfiguration;
			buildSettings = {
				BUNDLE_LOADER = "$(TEST_HOST)";
				INFOPLIST_FILE = UtileScourceCodeTests/Info.plist;
				LD_RUNPATH_SEARCH_PATHS = "$(inherited) @executable_path/Frameworks @loader_path/Frameworks";
				PRODUCT_BUNDLE_IDENTIFIER = Utile.UtileScourceCodeTests;
				PRODUCT_NAME = "$(TARGET_NAME)";
				TEST_HOST = "$(BUILT_PRODUCTS_DIR)/UtileScourceCode.app/UtileScourceCode";
			};
			name = Debug;
		};
		15E6A0C51BD774EC00511160 /* Release */ = {
			isa = XCBuildConfiguration;
			buildSettings = {
				BUNDLE_LOADER = "$(TEST_HOST)";
				INFOPLIST_FILE = UtileScourceCodeTests/Info.plist;
				LD_RUNPATH_SEARCH_PATHS = "$(inherited) @executable_path/Frameworks @loader_path/Frameworks";
				PRODUCT_BUNDLE_IDENTIFIER = Utile.UtileScourceCodeTests;
				PRODUCT_NAME = "$(TARGET_NAME)";
				TEST_HOST = "$(BUILT_PRODUCTS_DIR)/UtileScourceCode.app/UtileScourceCode";
			};
			name = Release;
		};
		15E6A0C71BD774EC00511160 /* Debug */ = {
			isa = XCBuildConfiguration;
			buildSettings = {
				INFOPLIST_FILE = UtileScourceCodeUITests/Info.plist;
				LD_RUNPATH_SEARCH_PATHS = "$(inherited) @executable_path/Frameworks @loader_path/Frameworks";
				PRODUCT_BUNDLE_IDENTIFIER = Utile.UtileScourceCodeUITests;
				PRODUCT_NAME = "$(TARGET_NAME)";
				TEST_TARGET_NAME = UtileScourceCode;
				USES_XCTRUNNER = YES;
			};
			name = Debug;
		};
		15E6A0C81BD774EC00511160 /* Release */ = {
			isa = XCBuildConfiguration;
			buildSettings = {
				INFOPLIST_FILE = UtileScourceCodeUITests/Info.plist;
				LD_RUNPATH_SEARCH_PATHS = "$(inherited) @executable_path/Frameworks @loader_path/Frameworks";
				PRODUCT_BUNDLE_IDENTIFIER = Utile.UtileScourceCodeUITests;
				PRODUCT_NAME = "$(TARGET_NAME)";
				TEST_TARGET_NAME = UtileScourceCode;
				USES_XCTRUNNER = YES;
			};
			name = Release;
		};
/* End XCBuildConfiguration section */

/* Begin XCConfigurationList section */
		15BA65B71BE0985700CF192B /* Build configuration list for PBXNativeTarget "Utile.Framework" */ = {
			isa = XCConfigurationList;
			buildConfigurations = (
				15BA65B81BE0985700CF192B /* Debug */,
				15BA65B91BE0985700CF192B /* Release */,
			);
			defaultConfigurationIsVisible = 0;
			defaultConfigurationName = Release;
		};
		15E6A08E1BD774EC00511160 /* Build configuration list for PBXProject "UtileScourceCode" */ = {
			isa = XCConfigurationList;
			buildConfigurations = (
				15E6A0BE1BD774EC00511160 /* Debug */,
				15E6A0BF1BD774EC00511160 /* Release */,
			);
			defaultConfigurationIsVisible = 0;
			defaultConfigurationName = Release;
		};
		15E6A0C01BD774EC00511160 /* Build configuration list for PBXNativeTarget "UtileScourceCode" */ = {
			isa = XCConfigurationList;
			buildConfigurations = (
				15E6A0C11BD774EC00511160 /* Debug */,
				15E6A0C21BD774EC00511160 /* Release */,
			);
			defaultConfigurationIsVisible = 0;
			defaultConfigurationName = Release;
		};
		15E6A0C31BD774EC00511160 /* Build configuration list for PBXNativeTarget "UtileScourceCodeTests" */ = {
			isa = XCConfigurationList;
			buildConfigurations = (
				15E6A0C41BD774EC00511160 /* Debug */,
				15E6A0C51BD774EC00511160 /* Release */,
			);
			defaultConfigurationIsVisible = 0;
			defaultConfigurationName = Release;
		};
		15E6A0C61BD774EC00511160 /* Build configuration list for PBXNativeTarget "UtileScourceCodeUITests" */ = {
			isa = XCConfigurationList;
			buildConfigurations = (
				15E6A0C71BD774EC00511160 /* Debug */,
				15E6A0C81BD774EC00511160 /* Release */,
			);
			defaultConfigurationIsVisible = 0;
			defaultConfigurationName = Release;
		};
/* End XCConfigurationList section */
	};
	rootObject = 15E6A08B1BD774EC00511160 /* Project object */;
}
