// !$*UTF8*$!
{
	archiveVersion = 1;
	classes = {
	};
	objectVersion = 46;
	objects = {

/* Begin PBXBuildFile section */
		155977251BE712FC0026E476 /* Utile.framework in Frameworks */ = {isa = PBXBuildFile; fileRef = 155977241BE712FC0026E476 /* Utile.framework */; };
		15AAE2F61BD9103B00B90BB5 /* main.m in Sources */ = {isa = PBXBuildFile; fileRef = 15AAE2F51BD9103B00B90BB5 /* main.m */; };
		15AAE2F91BD9103B00B90BB5 /* AppDelegate.m in Sources */ = {isa = PBXBuildFile; fileRef = 15AAE2F81BD9103B00B90BB5 /* AppDelegate.m */; };
		15AAE2FC1BD9103B00B90BB5 /* ViewController.m in Sources */ = {isa = PBXBuildFile; fileRef = 15AAE2FB1BD9103B00B90BB5 /* ViewController.m */; };
		15AAE2FF1BD9103B00B90BB5 /* Main.storyboard in Resources */ = {isa = PBXBuildFile; fileRef = 15AAE2FD1BD9103B00B90BB5 /* Main.storyboard */; };
		15AAE3011BD9103B00B90BB5 /* Assets.xcassets in Resources */ = {isa = PBXBuildFile; fileRef = 15AAE3001BD9103B00B90BB5 /* Assets.xcassets */; };
		15AAE3041BD9103B00B90BB5 /* LaunchScreen.storyboard in Resources */ = {isa = PBXBuildFile; fileRef = 15AAE3021BD9103B00B90BB5 /* LaunchScreen.storyboard */; };
		15AAE30F1BD9103C00B90BB5 /* UtileTestTests.m in Sources */ = {isa = PBXBuildFile; fileRef = 15AAE30E1BD9103C00B90BB5 /* UtileTestTests.m */; };
		15AAE31A1BD9103C00B90BB5 /* UtileTestUITests.m in Sources */ = {isa = PBXBuildFile; fileRef = 15AAE3191BD9103C00B90BB5 /* UtileTestUITests.m */; };
/* End PBXBuildFile section */

/* Begin PBXContainerItemProxy section */
		15AAE30B1BD9103B00B90BB5 /* PBXContainerItemProxy */ = {
			isa = PBXContainerItemProxy;
			containerPortal = 15AAE2E91BD9103B00B90BB5 /* Project object */;
			proxyType = 1;
			remoteGlobalIDString = 15AAE2F01BD9103B00B90BB5;
			remoteInfo = UtileTest;
		};
		15AAE3161BD9103C00B90BB5 /* PBXContainerItemProxy */ = {
			isa = PBXContainerItemProxy;
			containerPortal = 15AAE2E91BD9103B00B90BB5 /* Project object */;
			proxyType = 1;
			remoteGlobalIDString = 15AAE2F01BD9103B00B90BB5;
			remoteInfo = UtileTest;
		};
/* End PBXContainerItemProxy section */

/* Begin PBXFileReference section */
		155977241BE712FC0026E476 /* Utile.framework */ = {isa = PBXFileReference; lastKnownFileType = wrapper.framework; name = Utile.framework; path = "../../../../AppUse/Xcode/DerivedData/Utile-gmiqsknappubdgejunxgjjgjdouc/Build/Products/Release-iphoneos/Utile.framework"; sourceTree = "<group>"; };
		15AAE2F11BD9103B00B90BB5 /* UtileTest.app */ = {isa = PBXFileReference; explicitFileType = wrapper.application; includeInIndex = 0; path = UtileTest.app; sourceTree = BUILT_PRODUCTS_DIR; };
		15AAE2F51BD9103B00B90BB5 /* main.m */ = {isa = PBXFileReference; lastKnownFileType = sourcecode.c.objc; path = main.m; sourceTree = "<group>"; };
		15AAE2F71BD9103B00B90BB5 /* AppDelegate.h */ = {isa = PBXFileReference; lastKnownFileType = sourcecode.c.h; path = AppDelegate.h; sourceTree = "<group>"; };
		15AAE2F81BD9103B00B90BB5 /* AppDelegate.m */ = {isa = PBXFileReference; lastKnownFileType = sourcecode.c.objc; path = AppDelegate.m; sourceTree = "<group>"; };
		15AAE2FA1BD9103B00B90BB5 /* ViewController.h */ = {isa = PBXFileReference; lastKnownFileType = sourcecode.c.h; path = ViewController.h; sourceTree = "<group>"; };
		15AAE2FB1BD9103B00B90BB5 /* ViewController.m */ = {isa = PBXFileReference; lastKnownFileType = sourcecode.c.objc; path = ViewController.m; sourceTree = "<group>"; };
		15AAE2FE1BD9103B00B90BB5 /* Base */ = {isa = PBXFileReference; lastKnownFileType = file.storyboard; name = Base; path = Base.lproj/Main.storyboard; sourceTree = "<group>"; };
		15AAE3001BD9103B00B90BB5 /* Assets.xcassets */ = {isa = PBXFileReference; lastKnownFileType = folder.assetcatalog; path = Assets.xcassets; sourceTree = "<group>"; };
		15AAE3031BD9103B00B90BB5 /* Base */ = {isa = PBXFileReference; lastKnownFileType = file.storyboard; name = Base; path = Base.lproj/LaunchScreen.storyboard; sourceTree = "<group>"; };
		15AAE3051BD9103B00B90BB5 /* Info.plist */ = {isa = PBXFileReference; lastKnownFileType = text.plist.xml; path = Info.plist; sourceTree = "<group>"; };
		15AAE30A1BD9103B00B90BB5 /* UtileTestTests.xctest */ = {isa = PBXFileReference; explicitFileType = wrapper.cfbundle; includeInIndex = 0; path = UtileTestTests.xctest; sourceTree = BUILT_PRODUCTS_DIR; };
		15AAE30E1BD9103C00B90BB5 /* UtileTestTests.m */ = {isa = PBXFileReference; lastKnownFileType = sourcecode.c.objc; path = UtileTestTests.m; sourceTree = "<group>"; };
		15AAE3101BD9103C00B90BB5 /* Info.plist */ = {isa = PBXFileReference; lastKnownFileType = text.plist.xml; path = Info.plist; sourceTree = "<group>"; };
		15AAE3151BD9103C00B90BB5 /* UtileTestUITests.xctest */ = {isa = PBXFileReference; explicitFileType = wrapper.cfbundle; includeInIndex = 0; path = UtileTestUITests.xctest; sourceTree = BUILT_PRODUCTS_DIR; };
		15AAE3191BD9103C00B90BB5 /* UtileTestUITests.m */ = {isa = PBXFileReference; lastKnownFileType = sourcecode.c.objc; path = UtileTestUITests.m; sourceTree = "<group>"; };
		15AAE31B1BD9103C00B90BB5 /* Info.plist */ = {isa = PBXFileReference; lastKnownFileType = text.plist.xml; path = Info.plist; sourceTree = "<group>"; };
/* End PBXFileReference section */

/* Begin PBXFrameworksBuildPhase section */
		15AAE2EE1BD9103B00B90BB5 /* Frameworks */ = {
			isa = PBXFrameworksBuildPhase;
			buildActionMask = 2147483647;
			files = (
				155977251BE712FC0026E476 /* Utile.framework in Frameworks */,
			);
			runOnlyForDeploymentPostprocessing = 0;
		};
		15AAE3071BD9103B00B90BB5 /* Frameworks */ = {
			isa = PBXFrameworksBuildPhase;
			buildActionMask = 2147483647;
			files = (
			);
			runOnlyForDeploymentPostprocessing = 0;
		};
		15AAE3121BD9103C00B90BB5 /* Frameworks */ = {
			isa = PBXFrameworksBuildPhase;
			buildActionMask = 2147483647;
			files = (
			);
			runOnlyForDeploymentPostprocessing = 0;
		};
/* End PBXFrameworksBuildPhase section */

/* Begin PBXGroup section */
		15AAE2E81BD9103B00B90BB5 = {
			isa = PBXGroup;
			children = (
				155977241BE712FC0026E476 /* Utile.framework */,
				15AAE2F31BD9103B00B90BB5 /* UtileTest */,
				15AAE30D1BD9103B00B90BB5 /* UtileTestTests */,
				15AAE3181BD9103C00B90BB5 /* UtileTestUITests */,
				15AAE2F21BD9103B00B90BB5 /* Products */,
			);
			sourceTree = "<group>";
		};
		15AAE2F21BD9103B00B90BB5 /* Products */ = {
			isa = PBXGroup;
			children = (
				15AAE2F11BD9103B00B90BB5 /* UtileTest.app */,
				15AAE30A1BD9103B00B90BB5 /* UtileTestTests.xctest */,
				15AAE3151BD9103C00B90BB5 /* UtileTestUITests.xctest */,
			);
			name = Products;
			sourceTree = "<group>";
		};
		15AAE2F31BD9103B00B90BB5 /* UtileTest */ = {
			isa = PBXGroup;
			children = (
				15AAE2F71BD9103B00B90BB5 /* AppDelegate.h */,
				15AAE2F81BD9103B00B90BB5 /* AppDelegate.m */,
				15AAE2FA1BD9103B00B90BB5 /* ViewController.h */,
				15AAE2FB1BD9103B00B90BB5 /* ViewController.m */,
				15AAE2FD1BD9103B00B90BB5 /* Main.storyboard */,
				15AAE3001BD9103B00B90BB5 /* Assets.xcassets */,
				15AAE3021BD9103B00B90BB5 /* LaunchScreen.storyboard */,
				15AAE3051BD9103B00B90BB5 /* Info.plist */,
				15AAE2F41BD9103B00B90BB5 /* Supporting Files */,
			);
			path = UtileTest;
			sourceTree = "<group>";
		};
		15AAE2F41BD9103B00B90BB5 /* Supporting Files */ = {
			isa = PBXGroup;
			children = (
				15AAE2F51BD9103B00B90BB5 /* main.m */,
			);
			name = "Supporting Files";
			sourceTree = "<group>";
		};
		15AAE30D1BD9103B00B90BB5 /* UtileTestTests */ = {
			isa = PBXGroup;
			children = (
				15AAE30E1BD9103C00B90BB5 /* UtileTestTests.m */,
				15AAE3101BD9103C00B90BB5 /* Info.plist */,
			);
			path = UtileTestTests;
			sourceTree = "<group>";
		};
		15AAE3181BD9103C00B90BB5 /* UtileTestUITests */ = {
			isa = PBXGroup;
			children = (
				15AAE3191BD9103C00B90BB5 /* UtileTestUITests.m */,
				15AAE31B1BD9103C00B90BB5 /* Info.plist */,
			);
			path = UtileTestUITests;
			sourceTree = "<group>";
		};
/* End PBXGroup section */

/* Begin PBXNativeTarget section */
		15AAE2F01BD9103B00B90BB5 /* UtileTest */ = {
			isa = PBXNativeTarget;
			buildConfigurationList = 15AAE31E1BD9103C00B90BB5 /* Build configuration list for PBXNativeTarget "UtileTest" */;
			buildPhases = (
				15AAE2ED1BD9103B00B90BB5 /* Sources */,
				15AAE2EE1BD9103B00B90BB5 /* Frameworks */,
				15AAE2EF1BD9103B00B90BB5 /* Resources */,
			);
			buildRules = (
			);
			dependencies = (
			);
			name = UtileTest;
			productName = UtileTest;
			productReference = 15AAE2F11BD9103B00B90BB5 /* UtileTest.app */;
			productType = "com.apple.product-type.application";
		};
		15AAE3091BD9103B00B90BB5 /* UtileTestTests */ = {
			isa = PBXNativeTarget;
			buildConfigurationList = 15AAE3211BD9103C00B90BB5 /* Build configuration list for PBXNativeTarget "UtileTestTests" */;
			buildPhases = (
				15AAE3061BD9103B00B90BB5 /* Sources */,
				15AAE3071BD9103B00B90BB5 /* Frameworks */,
				15AAE3081BD9103B00B90BB5 /* Resources */,
			);
			buildRules = (
			);
			dependencies = (
				15AAE30C1BD9103B00B90BB5 /* PBXTargetDependency */,
			);
			name = UtileTestTests;
			productName = UtileTestTests;
			productReference = 15AAE30A1BD9103B00B90BB5 /* UtileTestTests.xctest */;
			productType = "com.apple.product-type.bundle.unit-test";
		};
		15AAE3141BD9103C00B90BB5 /* UtileTestUITests */ = {
			isa = PBXNativeTarget;
			buildConfigurationList = 15AAE3241BD9103C00B90BB5 /* Build configuration list for PBXNativeTarget "UtileTestUITests" */;
			buildPhases = (
				15AAE3111BD9103C00B90BB5 /* Sources */,
				15AAE3121BD9103C00B90BB5 /* Frameworks */,
				15AAE3131BD9103C00B90BB5 /* Resources */,
			);
			buildRules = (
			);
			dependencies = (
				15AAE3171BD9103C00B90BB5 /* PBXTargetDependency */,
			);
			name = UtileTestUITests;
			productName = UtileTestUITests;
			productReference = 15AAE3151BD9103C00B90BB5 /* UtileTestUITests.xctest */;
			productType = "com.apple.product-type.bundle.ui-testing";
		};
/* End PBXNativeTarget section */

/* Begin PBXProject section */
		15AAE2E91BD9103B00B90BB5 /* Project object */ = {
			isa = PBXProject;
			attributes = {
				LastUpgradeCheck = 0700;
				ORGANIZATIONNAME = wlpiaoyi;
				TargetAttributes = {
					15AAE2F01BD9103B00B90BB5 = {
						CreatedOnToolsVersion = 7.0.1;
					};
					15AAE3091BD9103B00B90BB5 = {
						CreatedOnToolsVersion = 7.0.1;
						TestTargetID = 15AAE2F01BD9103B00B90BB5;
					};
					15AAE3141BD9103C00B90BB5 = {
						CreatedOnToolsVersion = 7.0.1;
						TestTargetID = 15AAE2F01BD9103B00B90BB5;
					};
				};
			};
			buildConfigurationList = 15AAE2EC1BD9103B00B90BB5 /* Build configuration list for PBXProject "UtileTest" */;
			compatibilityVersion = "Xcode 3.2";
			developmentRegion = English;
			hasScannedForEncodings = 0;
			knownRegions = (
				en,
				Base,
			);
			mainGroup = 15AAE2E81BD9103B00B90BB5;
			productRefGroup = 15AAE2F21BD9103B00B90BB5 /* Products */;
			projectDirPath = "";
			projectRoot = "";
			targets = (
				15AAE2F01BD9103B00B90BB5 /* UtileTest */,
				15AAE3091BD9103B00B90BB5 /* UtileTestTests */,
				15AAE3141BD9103C00B90BB5 /* UtileTestUITests */,
			);
		};
/* End PBXProject section */

/* Begin PBXResourcesBuildPhase section */
		15AAE2EF1BD9103B00B90BB5 /* Resources */ = {
			isa = PBXResourcesBuildPhase;
			buildActionMask = 2147483647;
			files = (
				15AAE3041BD9103B00B90BB5 /* LaunchScreen.storyboard in Resources */,
				15AAE3011BD9103B00B90BB5 /* Assets.xcassets in Resources */,
				15AAE2FF1BD9103B00B90BB5 /* Main.storyboard in Resources */,
			);
			runOnlyForDeploymentPostprocessing = 0;
		};
		15AAE3081BD9103B00B90BB5 /* Resources */ = {
			isa = PBXResourcesBuildPhase;
			buildActionMask = 2147483647;
			files = (
			);
			runOnlyForDeploymentPostprocessing = 0;
		};
		15AAE3131BD9103C00B90BB5 /* Resources */ = {
			isa = PBXResourcesBuildPhase;
			buildActionMask = 2147483647;
			files = (
			);
			runOnlyForDeploymentPostprocessing = 0;
		};
/* End PBXResourcesBuildPhase section */

/* Begin PBXSourcesBuildPhase section */
		15AAE2ED1BD9103B00B90BB5 /* Sources */ = {
			isa = PBXSourcesBuildPhase;
			buildActionMask = 2147483647;
			files = (
				15AAE2FC1BD9103B00B90BB5 /* ViewController.m in Sources */,
				15AAE2F91BD9103B00B90BB5 /* AppDelegate.m in Sources */,
				15AAE2F61BD9103B00B90BB5 /* main.m in Sources */,
			);
			runOnlyForDeploymentPostprocessing = 0;
		};
		15AAE3061BD9103B00B90BB5 /* Sources */ = {
			isa = PBXSourcesBuildPhase;
			buildActionMask = 2147483647;
			files = (
				15AAE30F1BD9103C00B90BB5 /* UtileTestTests.m in Sources */,
			);
			runOnlyForDeploymentPostprocessing = 0;
		};
		15AAE3111BD9103C00B90BB5 /* Sources */ = {
			isa = PBXSourcesBuildPhase;
			buildActionMask = 2147483647;
			files = (
				15AAE31A1BD9103C00B90BB5 /* UtileTestUITests.m in Sources */,
			);
			runOnlyForDeploymentPostprocessing = 0;
		};
/* End PBXSourcesBuildPhase section */

/* Begin PBXTargetDependency section */
		15AAE30C1BD9103B00B90BB5 /* PBXTargetDependency */ = {
			isa = PBXTargetDependency;
			target = 15AAE2F01BD9103B00B90BB5 /* UtileTest */;
			targetProxy = 15AAE30B1BD9103B00B90BB5 /* PBXContainerItemProxy */;
		};
		15AAE3171BD9103C00B90BB5 /* PBXTargetDependency */ = {
			isa = PBXTargetDependency;
			target = 15AAE2F01BD9103B00B90BB5 /* UtileTest */;
			targetProxy = 15AAE3161BD9103C00B90BB5 /* PBXContainerItemProxy */;
		};
/* End PBXTargetDependency section */

/* Begin PBXVariantGroup section */
		15AAE2FD1BD9103B00B90BB5 /* Main.storyboard */ = {
			isa = PBXVariantGroup;
			children = (
				15AAE2FE1BD9103B00B90BB5 /* Base */,
			);
			name = Main.storyboard;
			sourceTree = "<group>";
		};
		15AAE3021BD9103B00B90BB5 /* LaunchScreen.storyboard */ = {
			isa = PBXVariantGroup;
			children = (
				15AAE3031BD9103B00B90BB5 /* Base */,
			);
			name = LaunchScreen.storyboard;
			sourceTree = "<group>";
		};
/* End PBXVariantGroup section */

/* Begin XCBuildConfiguration section */
		15AAE31C1BD9103C00B90BB5 /* Debug */ = {
			isa = XCBuildConfiguration;
			buildSettings = {
				ALWAYS_SEARCH_USER_PATHS = NO;
				CLANG_CXX_LANGUAGE_STANDARD = "gnu++0x";
				CLANG_CXX_LIBRARY = "libc++";
				CLANG_ENABLE_MODULES = YES;
				CLANG_ENABLE_OBJC_ARC = YES;
				CLANG_WARN_BOOL_CONVERSION = YES;
				CLANG_WARN_CONSTANT_CONVERSION = YES;
				CLANG_WARN_DIRECT_OBJC_ISA_USAGE = YES_ERROR;
				CLANG_WARN_EMPTY_BODY = YES;
				CLANG_WARN_ENUM_CONVERSION = YES;
				CLANG_WARN_INT_CONVERSION = YES;
				CLANG_WARN_OBJC_ROOT_CLASS = YES_ERROR;
				CLANG_WARN_UNREACHABLE_CODE = YES;
				CLANG_WARN__DUPLICATE_METHOD_MATCH = YES;
				"CODE_SIGN_IDENTITY[sdk=iphoneos*]" = "iPhone Developer";
				COPY_PHASE_STRIP = NO;
				DEBUG_INFORMATION_FORMAT = dwarf;
				ENABLE_STRICT_OBJC_MSGSEND = YES;
				ENABLE_TESTABILITY = YES;
				GCC_C_LANGUAGE_STANDARD = gnu99;
				GCC_DYNAMIC_NO_PIC = NO;
				GCC_NO_COMMON_BLOCKS = YES;
				GCC_OPTIMIZATION_LEVEL = 0;
				GCC_PREPROCESSOR_DEFINITIONS = (
					"DEBUG=1",
					"$(inherited)",
				);
				GCC_WARN_64_TO_32_BIT_CONVERSION = YES;
				GCC_WARN_ABOUT_RETURN_TYPE = YES_ERROR;
				GCC_WARN_UNDECLARED_SELECTOR = YES;
				GCC_WARN_UNINITIALIZED_AUTOS = YES_AGGRESSIVE;
				GCC_WARN_UNUSED_FUNCTION = YES;
				GCC_WARN_UNUSED_VARIABLE = YES;
				IPHONEOS_DEPLOYMENT_TARGET = 9.0;
				MTL_ENABLE_DEBUG_INFO = YES;
				ONLY_ACTIVE_ARCH = YES;
				SDKROOT = iphoneos;
				TARGETED_DEVICE_FAMILY = "1,2";
			};
			name = Debug;
		};
		15AAE31D1BD9103C00B90BB5 /* Release */ = {
			isa = XCBuildConfiguration;
			buildSettings = {
				ALWAYS_SEARCH_USER_PATHS = NO;
				CLANG_CXX_LANGUAGE_STANDARD = "gnu++0x";
				CLANG_CXX_LIBRARY = "libc++";
				CLANG_ENABLE_MODULES = YES;
				CLANG_ENABLE_OBJC_ARC = YES;
				CLANG_WARN_BOOL_CONVERSION = YES;
				CLANG_WARN_CONSTANT_CONVERSION = YES;
				CLANG_WARN_DIRECT_OBJC_ISA_USAGE = YES_ERROR;
				CLANG_WARN_EMPTY_BODY = YES;
				CLANG_WARN_ENUM_CONVERSION = YES;
				CLANG_WARN_INT_CONVERSION = YES;
				CLANG_WARN_OBJC_ROOT_CLASS = YES_ERROR;
				CLANG_WARN_UNREACHABLE_CODE = YES;
				CLANG_WARN__DUPLICATE_METHOD_MATCH = YES;
				"CODE_SIGN_IDENTITY[sdk=iphoneos*]" = "iPhone Developer";
				COPY_PHASE_STRIP = NO;
				DEBUG_INFORMATION_FORMAT = "dwarf-with-dsym";
				ENABLE_NS_ASSERTIONS = NO;
				ENABLE_STRICT_OBJC_MSGSEND = YES;
				GCC_C_LANGUAGE_STANDARD = gnu99;
				GCC_NO_COMMON_BLOCKS = YES;
				GCC_WARN_64_TO_32_BIT_CONVERSION = YES;
				GCC_WARN_ABOUT_RETURN_TYPE = YES_ERROR;
				GCC_WARN_UNDECLARED_SELECTOR = YES;
				GCC_WARN_UNINITIALIZED_AUTOS = YES_AGGRESSIVE;
				GCC_WARN_UNUSED_FUNCTION = YES;
				GCC_WARN_UNUSED_VARIABLE = YES;
				IPHONEOS_DEPLOYMENT_TARGET = 9.0;
				MTL_ENABLE_DEBUG_INFO = NO;
				SDKROOT = iphoneos;
				TARGETED_DEVICE_FAMILY = "1,2";
				VALIDATE_PRODUCT = YES;
			};
			name = Release;
		};
		15AAE31F1BD9103C00B90BB5 /* Debug */ = {
			isa = XCBuildConfiguration;
			buildSettings = {
				ASSETCATALOG_COMPILER_APPICON_NAME = AppIcon;
				FRAMEWORK_SEARCH_PATHS = (
					"$(inherited)",
					"$(PROJECT_DIR)",
				);
				INFOPLIST_FILE = UtileTest/Info.plist;
				IPHONEOS_DEPLOYMENT_TARGET = 8.0;
				LD_RUNPATH_SEARCH_PATHS = "$(inherited) @executable_path/Frameworks";
				LIBRARY_SEARCH_PATHS = (
					"$(inherited)",
					"$(PROJECT_DIR)",
				);
				OTHER_LDFLAGS = "-ObjC";
				OTHER_LIBTOOLFLAGS = "";
				PRODUCT_BUNDLE_IDENTIFIER = Utile.UtileTest;
				PRODUCT_NAME = "$(TARGET_NAME)";
			};
			name = Debug;
		};
		15AAE3201BD9103C00B90BB5 /* Release */ = {
			isa = XCBuildConfiguration;
			buildSettings = {
				ASSETCATALOG_COMPILER_APPICON_NAME = AppIcon;
				FRAMEWORK_SEARCH_PATHS = (
					"$(inherited)",
					"$(PROJECT_DIR)",
				);
				INFOPLIST_FILE = UtileTest/Info.plist;
				IPHONEOS_DEPLOYMENT_TARGET = 8.0;
				LD_RUNPATH_SEARCH_PATHS = "$(inherited) @executable_path/Frameworks";
				LIBRARY_SEARCH_PATHS = (
					"$(inherited)",
					"$(PROJECT_DIR)",
				);
				OTHER_LDFLAGS = "-ObjC";
				OTHER_LIBTOOLFLAGS = "";
				PRODUCT_BUNDLE_IDENTIFIER = Utile.UtileTest;
				PRODUCT_NAME = "$(TARGET_NAME)";
			};
			name = Release;
		};
		15AAE3221BD9103C00B90BB5 /* Debug */ = {
			isa = XCBuildConfiguration;
			buildSettings = {
				BUNDLE_LOADER = "$(TEST_HOST)";
				INFOPLIST_FILE = UtileTestTests/Info.plist;
				LD_RUNPATH_SEARCH_PATHS = "$(inherited) @executable_path/Frameworks @loader_path/Frameworks";
				PRODUCT_BUNDLE_IDENTIFIER = Utile.UtileTestTests;
				PRODUCT_NAME = "$(TARGET_NAME)";
				TEST_HOST = "$(BUILT_PRODUCTS_DIR)/UtileTest.app/UtileTest";
			};
			name = Debug;
		};
		15AAE3231BD9103C00B90BB5 /* Release */ = {
			isa = XCBuildConfiguration;
			buildSettings = {
				BUNDLE_LOADER = "$(TEST_HOST)";
				INFOPLIST_FILE = UtileTestTests/Info.plist;
				LD_RUNPATH_SEARCH_PATHS = "$(inherited) @executable_path/Frameworks @loader_path/Frameworks";
				PRODUCT_BUNDLE_IDENTIFIER = Utile.UtileTestTests;
				PRODUCT_NAME = "$(TARGET_NAME)";
				TEST_HOST = "$(BUILT_PRODUCTS_DIR)/UtileTest.app/UtileTest";
			};
			name = Release;
		};
		15AAE3251BD9103C00B90BB5 /* Debug */ = {
			isa = XCBuildConfiguration;
			buildSettings = {
				INFOPLIST_FILE = UtileTestUITests/Info.plist;
				LD_RUNPATH_SEARCH_PATHS = "$(inherited) @executable_path/Frameworks @loader_path/Frameworks";
				PRODUCT_BUNDLE_IDENTIFIER = Utile.UtileTestUITests;
				PRODUCT_NAME = "$(TARGET_NAME)";
				TEST_TARGET_NAME = UtileTest;
				USES_XCTRUNNER = YES;
			};
			name = Debug;
		};
		15AAE3261BD9103C00B90BB5 /* Release */ = {
			isa = XCBuildConfiguration;
			buildSettings = {
				INFOPLIST_FILE = UtileTestUITests/Info.plist;
				LD_RUNPATH_SEARCH_PATHS = "$(inherited) @executable_path/Frameworks @loader_path/Frameworks";
				PRODUCT_BUNDLE_IDENTIFIER = Utile.UtileTestUITests;
				PRODUCT_NAME = "$(TARGET_NAME)";
				TEST_TARGET_NAME = UtileTest;
				USES_XCTRUNNER = YES;
			};
			name = Release;
		};
/* End XCBuildConfiguration section */

/* Begin XCConfigurationList section */
		15AAE2EC1BD9103B00B90BB5 /* Build configuration list for PBXProject "UtileTest" */ = {
			isa = XCConfigurationList;
			buildConfigurations = (
				15AAE31C1BD9103C00B90BB5 /* Debug */,
				15AAE31D1BD9103C00B90BB5 /* Release */,
			);
			defaultConfigurationIsVisible = 0;
			defaultConfigurationName = Release;
		};
		15AAE31E1BD9103C00B90BB5 /* Build configuration list for PBXNativeTarget "UtileTest" */ = {
			isa = XCConfigurationList;
			buildConfigurations = (
				15AAE31F1BD9103C00B90BB5 /* Debug */,
				15AAE3201BD9103C00B90BB5 /* Release */,
			);
			defaultConfigurationIsVisible = 0;
			defaultConfigurationName = Release;
		};
		15AAE3211BD9103C00B90BB5 /* Build configuration list for PBXNativeTarget "UtileTestTests" */ = {
			isa = XCConfigurationList;
			buildConfigurations = (
				15AAE3221BD9103C00B90BB5 /* Debug */,
				15AAE3231BD9103C00B90BB5 /* Release */,
			);
			defaultConfigurationIsVisible = 0;
			defaultConfigurationName = Release;
		};
		15AAE3241BD9103C00B90BB5 /* Build configuration list for PBXNativeTarget "UtileTestUITests" */ = {
			isa = XCConfigurationList;
			buildConfigurations = (
				15AAE3251BD9103C00B90BB5 /* Debug */,
				15AAE3261BD9103C00B90BB5 /* Release */,
			);
			defaultConfigurationIsVisible = 0;
			defaultConfigurationName = Release;
		};
/* End XCConfigurationList section */
	};
	rootObject = 15AAE2E91BD9103B00B90BB5 /* Project object */;
}
